
Microsoft Visual Studio Solution File, Format Version 12.00
# Visual Studio Version 17
VisualStudioVersion = 17.0.31903.59
MinimumVisualStudioVersion = 10.0.40219.1
Project("{2150E333-8FDC-42A3-9474-1A3956D46DE8}") = "src", "src", "{4BA473AE-AAF5-467B-9C6F-98151D2C2D44}"
EndProject
Project("{FAE04EC0-301F-11D3-BF4B-00C04F79EFBC}") = "Vyral.Abstractions", "src\Vyral.Abstractions\Vyral.Abstractions.csproj", "{96C72651-DC28-474B-ADBE-A6C135B2958C}"
EndProject
Project("{FAE04EC0-301F-11D3-BF4B-00C04F79EFBC}") = "Vyral.Azure", "src\Vyral.Azure\Vyral.Azure.csproj", "{BB2910CB-9223-4A00-BB37-9AE69181D39B}"
EndProject
Project("{FAE04EC0-301F-11D3-BF4B-00C04F79EFBC}") = "Vyral.Bridge.SemanticKernel", "src\Vyral.Bridge.SemanticKernel\Vyral.Bridge.SemanticKernel.csproj", "{E9B5EC7F-C11E-4012-B21B-388A1AD9B234}"
EndProject
Project("{FAE04EC0-301F-11D3-BF4B-00C04F79EFBC}") = "Vyral.Cli", "src\Vyral.Cli\Vyral.Cli.csproj", "{2D62965C-C36B-4EB8-BFE9-20EB6B23AEF5}"
EndProject
Project("{FAE04EC0-301F-11D3-BF4B-00C04F79EFBC}") = "Vyral.Local", "src\Vyral.Local\Vyral.Local.csproj", "{C9131552-2AC8-44F6-BE8D-17F223D0F5E1}"
EndProject
Project("{FAE04EC0-301F-11D3-BF4B-00C04F79EFBC}") = "Vyral.Server", "src\Vyral.Server\Vyral.Server.csproj", "{8EC7614A-6D41-4752-BC17-6858811C2B48}"
EndProject
Project("{2150E333-8FDC-42A3-9474-1A3956D46DE8}") = "tests", "tests", "{AAF8E491-F193-4C07-8669-9F3F823ED378}"
EndProject
Project("{FAE04EC0-301F-11D3-BF4B-00C04F79EFBC}") = "Vyral.Tests.Azure", "tests\Vyral.Tests.Azure\Vyral.Tests.Azure.csproj", "{425659EC-721E-463D-85E4-764273695F21}"
EndProject
Project("{FAE04EC0-301F-11D3-BF4B-00C04F79EFBC}") = "Vyral.Tests.Conformance", "tests\Vyral.Tests.Conformance\Vyral.Tests.Conformance.csproj", "{23B12913-7D75-46A6-A36B-F3755A1102BD}"
EndProject
Project("{FAE04EC0-301F-11D3-BF4B-00C04F79EFBC}") = "Vyral.Tests.Local", "tests\Vyral.Tests.Local\Vyral.Tests.Local.csproj", "{F248B3EE-1C18-48CF-89C4-72D3F93F2C57}"
EndProject
Project("{FAE04EC0-301F-11D3-BF4B-00C04F79EFBC}") = "Vyral.Embeddings.Onnx", "src\Vyral.Embeddings.Onnx\Vyral.Embeddings.Onnx.csproj", "{9A205930-936F-4480-8F12-D241E5E08674}"
EndProject
Project("{2150E333-8FDC-42A3-9474-1A3956D46DE8}") = "tools", "tools", "{07C2787E-EAC7-C090-1BA3-A61EC2A24D84}"
EndProject
Project("{FAE04EC0-301F-11D3-BF4B-00C04F79EFBC}") = "Vyral.Benchmarks", "tools\Vyral.Benchmarks\Vyral.Benchmarks.csproj", "{8D385437-C4D8-4F7B-972F-238072F55C2D}"
EndProject
Project("{FAE04EC0-301F-11D3-BF4B-00C04F79EFBC}") = "Vyral.Providers.Abstractions", "src\Vyral.Providers.Abstractions\Vyral.Providers.Abstractions.csproj", "{22E144A6-4993-443C-98F3-C0EA79686C44}"
EndProject
Project("{FAE04EC0-301F-11D3-BF4B-00C04F79EFBC}") = "Vyral.Providers.Cli", "src\Vyral.Providers.Cli\Vyral.Providers.Cli.csproj", "{DBA91BCB-67AE-4914-9043-9739E67D10F0}"
EndProject
Project("{FAE04EC0-301F-11D3-BF4B-00C04F79EFBC}") = "Vyral.Providers.Jules", "src\Vyral.Providers.Jules\Vyral.Providers.Jules.csproj", "{1F046E60-3DCD-4544-89B1-8DC5DC6D9D64}"
EndProject
Project("{FAE04EC0-301F-11D3-BF4B-00C04F79EFBC}") = "Vyral.Tests.Providers", "tests\Vyral.Tests.Providers\Vyral.Tests.Providers.csproj", "{66E0AA11-C72F-45F7-B641-40D4B7B670E4}"
EndProject
Project("{FAE04EC0-301F-11D3-BF4B-00C04F79EFBC}") = "Vyral.Providers.Local", "src\Vyral.Providers.Local\Vyral.Providers.Local.csproj", "{D973C84B-E92D-4510-AAD3-A85C3DE33264}"
EndProject
Project("{FAE04EC0-301F-11D3-BF4B-00C04F79EFBC}") = "Vyral.Providers.Onnx", "src\Vyral.Providers.Onnx\Vyral.Providers.Onnx.csproj", "{7905DCA0-9A66-4E92-BD13-482A362CE1DB}"
EndProject
Project("{FAE04EC0-301F-11D3-BF4B-00C04F79EFBC}") = "Vyral.Pgvector", "src\Vyral.Pgvector\Vyral.Pgvector.csproj", "{80D4F5D8-EBF3-4F63-A0F3-BC3A9DF8EA75}"
EndProject
Project("{FAE04EC0-301F-11D3-BF4B-00C04F79EFBC}") = "Vyral.Google", "src\Vyral.Google\Vyral.Google.csproj", "{6F71AA13-2A09-41FC-B799-3E297D5DF458}"
EndProject
Project("{FAE04EC0-301F-11D3-BF4B-00C04F79EFBC}") = "Vyral.Tests.Pgvector", "tests\Vyral.Tests.Pgvector\Vyral.Tests.Pgvector.csproj", "{339FAF51-D4AE-4C1C-ABB4-8893D761807E}"
EndProject
Project("{FAE04EC0-301F-11D3-BF4B-00C04F79EFBC}") = "Vyral.Tests.Google", "tests\Vyral.Tests.Google\Vyral.Tests.Google.csproj", "{33FCE6B8-C1B1-4037-B0FE-F6CD61F4631C}"
EndProject
Project("{FAE04EC0-301F-11D3-BF4B-00C04F79EFBC}") = "Vyral.Aws", "src\Vyral.Aws\Vyral.Aws.csproj", "{A1B2C3D4-E5F6-7890-ABCD-EF1234567890}"
EndProject
Project("{FAE04EC0-301F-11D3-BF4B-00C04F79EFBC}") = "Vyral.Tests.Aws", "tests\Vyral.Tests.Aws\Vyral.Tests.Aws.csproj", "{B2C3D4E5-F6A7-8901-BCDE-F12345678901}"
EndProject
Project("{FAE04EC0-301F-11D3-BF4B-00C04F79EFBC}") = "Vyral.Execution", "src\Vyral.Execution\Vyral.Execution.csproj", "{1B8D8B1F-1392-49D8-9B05-48533D76AB9B}"
EndProject
Project("{FAE04EC0-301F-11D3-BF4B-00C04F79EFBC}") = "Vyral.Execution.Local", "src\Vyral.Execution.Local\Vyral.Execution.Local.csproj", "{F979C56E-DD47-4FCF-9D46-FD48205B6B29}"
EndProject
Project("{FAE04EC0-301F-11D3-BF4B-00C04F79EFBC}") = "Vyral.Execution.AzureDurable", "src\Vyral.Execution.AzureDurable\Vyral.Execution.AzureDurable.csproj", "{D4FBF0DC-342B-4787-B63F-F6F6C82B5A6C}"
EndProject
Project("{FAE04EC0-301F-11D3-BF4B-00C04F79EFBC}") = "Vyral.Execution.AzureDurable.Functions", "src\Vyral.Execution.AzureDurable.Functions\Vyral.Execution.AzureDurable.Functions.csproj", "{A24C5177-37C8-42A5-8CF6-21CB22BC6F13}"
EndProject
Project("{FAE04EC0-301F-11D3-BF4B-00C04F79EFBC}") = "Vyral.Primitives", "src\Vyral.Primitives\Vyral.Primitives.csproj", "{85F30612-A5C3-4840-BE81-634116C853C6}"
EndProject
Project("{2150E333-8FDC-42A3-9474-1A3956D46DE8}") = "samples", "samples", "{5D20AA90-6969-D8BD-9DCD-8634F4692FDA}"
EndProject
Project("{FAE04EC0-301F-11D3-BF4B-00C04F79EFBC}") = "Vyral.Execution.LocalSample", "samples\Vyral.Execution.LocalSample\Vyral.Execution.LocalSample.csproj", "{00D10920-0AAC-4067-80F3-29022DCC6C02}"
EndProject
Project("{FAE04EC0-301F-11D3-BF4B-00C04F79EFBC}") = "Vyral.Execution.AzureDurableFunctionsSmoke", "samples\Vyral.Execution.AzureDurableFunctionsSmoke\Vyral.Execution.AzureDurableFunctionsSmoke.csproj", "{B16D1A11-493A-4E3D-A8D1-33E694A1BF76}"
EndProject
Project("{FAE04EC0-301F-11D3-BF4B-00C04F79EFBC}") = "Vyral.Cloudflare", "src\Vyral.Cloudflare\Vyral.Cloudflare.csproj", "{65694E8F-DBFF-4626-9280-3287FFD13A91}"
EndProject
Project("{FAE04EC0-301F-11D3-BF4B-00C04F79EFBC}") = "Vyral.Tests.Cloudflare", "tests\Vyral.Tests.Cloudflare\Vyral.Tests.Cloudflare.csproj", "{436323F0-8166-4BD6-9FC7-17389546A031}"
EndProject
Project("{FAE04EC0-301F-11D3-BF4B-00C04F79EFBC}") = "Vyral.MySql", "src\Vyral.MySql\Vyral.MySql.csproj", "{F0D0A83A-5426-4ECE-8A72-1DBE983F7602}"
EndProject
Project("{FAE04EC0-301F-11D3-BF4B-00C04F79EFBC}") = "Vyral.Tests.MySql", "tests\Vyral.Tests.MySql\Vyral.Tests.MySql.csproj", "{472E5F70-F780-436C-94C7-C1CB2B3DFFAB}"
EndProject
Project("{FAE04EC0-301F-11D3-BF4B-00C04F79EFBC}") = "Vyral.Execution.Aws", "src\Vyral.Execution.Aws\Vyral.Execution.Aws.csproj", "{FF4CE2A4-97C5-4D1E-AED3-6DBB60678DFB}"
EndProject
Project("{FAE04EC0-301F-11D3-BF4B-00C04F79EFBC}") = "Vyral.Execution.WorkerClient", "src\Vyral.Execution.WorkerClient\Vyral.Execution.WorkerClient.csproj", "{C1E9A531-4C0D-43C4-956A-3F5D1C5D7711}"
EndProject
Project("{FAE04EC0-301F-11D3-BF4B-00C04F79EFBC}") = "Vyral.Tests.ExecutionWorkerClient", "tests\Vyral.Tests.ExecutionWorkerClient\Vyral.Tests.ExecutionWorkerClient.csproj", "{7E6FC15A-1A22-4FBC-8E6F-7B1D8D9D9C10}"
EndProject
Project("{FAE04EC0-301F-11D3-BF4B-00C04F79EFBC}") = "Vyral.Execution.Temporal", "src\Vyral.Execution.Temporal\Vyral.Execution.Temporal.csproj", "{6019B12E-1C3F-4DD1-B6E8-30955D072459}"
EndProject
Project("{FAE04EC0-301F-11D3-BF4B-00C04F79EFBC}") = "Vyral.Execution.Temporal.Hosting", "src\Vyral.Execution.Temporal.Hosting\Vyral.Execution.Temporal.Hosting.csproj", "{19662A55-BB16-40EA-9AE2-C0F1025BF5F8}"
EndProject
Project("{FAE04EC0-301F-11D3-BF4B-00C04F79EFBC}") = "Vyral.Tests.Temporal", "tests\Vyral.Tests.Temporal\Vyral.Tests.Temporal.csproj", "{CBE230A1-0895-4D75-AFEE-30B98858AE8D}"
EndProject
Project("{FAE04EC0-301F-11D3-BF4B-00C04F79EFBC}") = "Vyral.Execution.Temporal.Postgres", "src\Vyral.Execution.Temporal.Postgres\Vyral.Execution.Temporal.Postgres.csproj", "{55983E3C-FB88-4DC2-B691-6A786313E046}"
EndProject
Project("{FAE04EC0-301F-11D3-BF4B-00C04F79EFBC}") = "Vyral.Execution.TemporalSample", "samples\Vyral.Execution.TemporalSample\Vyral.Execution.TemporalSample.csproj", "{F472E428-B45B-4F4B-B08D-80323D746E0F}"
EndProject
Project("{FAE04EC0-301F-11D3-BF4B-00C04F79EFBC}") = "Vyral.CanonicalProjectionStarter", "samples\Vyral.CanonicalProjectionStarter\Vyral.CanonicalProjectionStarter.csproj", "{A0C9FAD4-03E1-46E1-85C4-1DA1DA4478B4}"
EndProject
Project("{FAE04EC0-301F-11D3-BF4B-00C04F79EFBC}") = "Vyral.CanonicalStore.Benchmarks", "tools\Vyral.CanonicalStore.Benchmarks\Vyral.CanonicalStore.Benchmarks.csproj", "{74D6B94A-4093-4F42-978E-A8D0A37C05C1}"
EndProject
Project("{FAE04EC0-301F-11D3-BF4B-00C04F79EFBC}") = "Vyral.Mcp", "src\Vyral.Mcp\Vyral.Mcp.csproj", "{30FF03F3-78EB-4BCC-A9E5-64A9AC31D368}"
EndProject
Global
	GlobalSection(SolutionConfigurationPlatforms) = preSolution
		Debug|Any CPU = Debug|Any CPU
		Debug|x64 = Debug|x64
		Debug|x86 = Debug|x86
		Release|Any CPU = Release|Any CPU
		Release|x64 = Release|x64
		Release|x86 = Release|x86
	EndGlobalSection
	GlobalSection(ProjectConfigurationPlatforms) = postSolution
		{96C72651-DC28-474B-ADBE-A6C135B2958C}.Debug|Any CPU.ActiveCfg = Debug|Any CPU
		{96C72651-DC28-474B-ADBE-A6C135B2958C}.Debug|Any CPU.Build.0 = Debug|Any CPU
		{96C72651-DC28-474B-ADBE-A6C135B2958C}.Debug|x64.ActiveCfg = Debug|Any CPU
		{96C72651-DC28-474B-ADBE-A6C135B2958C}.Debug|x64.Build.0 = Debug|Any CPU
		{96C72651-DC28-474B-ADBE-A6C135B2958C}.Debug|x86.ActiveCfg = Debug|Any CPU
		{96C72651-DC28-474B-ADBE-A6C135B2958C}.Debug|x86.Build.0 = Debug|Any CPU
		{96C72651-DC28-474B-ADBE-A6C135B2958C}.Release|Any CPU.ActiveCfg = Release|Any CPU
		{96C72651-DC28-474B-ADBE-A6C135B2958C}.Release|Any CPU.Build.0 = Release|Any CPU
		{96C72651-DC28-474B-ADBE-A6C135B2958C}.Release|x64.ActiveCfg = Release|Any CPU
		{96C72651-DC28-474B-ADBE-A6C135B2958C}.Release|x64.Build.0 = Release|Any CPU
		{96C72651-DC28-474B-ADBE-A6C135B2958C}.Release|x86.ActiveCfg = Release|Any CPU
		{96C72651-DC28-474B-ADBE-A6C135B2958C}.Release|x86.Build.0 = Release|Any CPU
		{BB2910CB-9223-4A00-BB37-9AE69181D39B}.Debug|Any CPU.ActiveCfg = Debug|Any CPU
		{BB2910CB-9223-4A00-BB37-9AE69181D39B}.Debug|Any CPU.Build.0 = Debug|Any CPU
		{BB2910CB-9223-4A00-BB37-9AE69181D39B}.Debug|x64.ActiveCfg = Debug|Any CPU
		{BB2910CB-9223-4A00-BB37-9AE69181D39B}.Debug|x64.Build.0 = Debug|Any CPU
		{BB2910CB-9223-4A00-BB37-9AE69181D39B}.Debug|x86.ActiveCfg = Debug|Any CPU
		{BB2910CB-9223-4A00-BB37-9AE69181D39B}.Debug|x86.Build.0 = Debug|Any CPU
		{BB2910CB-9223-4A00-BB37-9AE69181D39B}.Release|Any CPU.ActiveCfg = Release|Any CPU
		{BB2910CB-9223-4A00-BB37-9AE69181D39B}.Release|Any CPU.Build.0 = Release|Any CPU
		{BB2910CB-9223-4A00-BB37-9AE69181D39B}.Release|x64.ActiveCfg = Release|Any CPU
		{BB2910CB-9223-4A00-BB37-9AE69181D39B}.Release|x64.Build.0 = Release|Any CPU
		{BB2910CB-9223-4A00-BB37-9AE69181D39B}.Release|x86.ActiveCfg = Release|Any CPU
		{BB2910CB-9223-4A00-BB37-9AE69181D39B}.Release|x86.Build.0 = Release|Any CPU
		{E9B5EC7F-C11E-4012-B21B-388A1AD9B234}.Debug|Any CPU.ActiveCfg = Debug|Any CPU
		{E9B5EC7F-C11E-4012-B21B-388A1AD9B234}.Debug|Any CPU.Build.0 = Debug|Any CPU
		{E9B5EC7F-C11E-4012-B21B-388A1AD9B234}.Debug|x64.ActiveCfg = Debug|Any CPU
		{E9B5EC7F-C11E-4012-B21B-388A1AD9B234}.Debug|x64.Build.0 = Debug|Any CPU
		{E9B5EC7F-C11E-4012-B21B-388A1AD9B234}.Debug|x86.ActiveCfg = Debug|Any CPU
		{E9B5EC7F-C11E-4012-B21B-388A1AD9B234}.Debug|x86.Build.0 = Debug|Any CPU
		{E9B5EC7F-C11E-4012-B21B-388A1AD9B234}.Release|Any CPU.ActiveCfg = Release|Any CPU
		{E9B5EC7F-C11E-4012-B21B-388A1AD9B234}.Release|Any CPU.Build.0 = Release|Any CPU
		{E9B5EC7F-C11E-4012-B21B-388A1AD9B234}.Release|x64.ActiveCfg = Release|Any CPU
		{E9B5EC7F-C11E-4012-B21B-388A1AD9B234}.Release|x64.Build.0 = Release|Any CPU
		{E9B5EC7F-C11E-4012-B21B-388A1AD9B234}.Release|x86.ActiveCfg = Release|Any CPU
		{E9B5EC7F-C11E-4012-B21B-388A1AD9B234}.Release|x86.Build.0 = Release|Any CPU
		{2D62965C-C36B-4EB8-BFE9-20EB6B23AEF5}.Debug|Any CPU.ActiveCfg = Debug|Any CPU
		{2D62965C-C36B-4EB8-BFE9-20EB6B23AEF5}.Debug|Any CPU.Build.0 = Debug|Any CPU
		{2D62965C-C36B-4EB8-BFE9-20EB6B23AEF5}.Debug|x64.ActiveCfg = Debug|Any CPU
		{2D62965C-C36B-4EB8-BFE9-20EB6B23AEF5}.Debug|x64.Build.0 = Debug|Any CPU
		{2D62965C-C36B-4EB8-BFE9-20EB6B23AEF5}.Debug|x86.ActiveCfg = Debug|Any CPU
		{2D62965C-C36B-4EB8-BFE9-20EB6B23AEF5}.Debug|x86.Build.0 = Debug|Any CPU
		{2D62965C-C36B-4EB8-BFE9-20EB6B23AEF5}.Release|Any CPU.ActiveCfg = Release|Any CPU
		{2D62965C-C36B-4EB8-BFE9-20EB6B23AEF5}.Release|Any CPU.Build.0 = Release|Any CPU
		{2D62965C-C36B-4EB8-BFE9-20EB6B23AEF5}.Release|x64.ActiveCfg = Release|Any CPU
		{2D62965C-C36B-4EB8-BFE9-20EB6B23AEF5}.Release|x64.Build.0 = Release|Any CPU
		{2D62965C-C36B-4EB8-BFE9-20EB6B23AEF5}.Release|x86.ActiveCfg = Release|Any CPU
		{2D62965C-C36B-4EB8-BFE9-20EB6B23AEF5}.Release|x86.Build.0 = Release|Any CPU
		{C9131552-2AC8-44F6-BE8D-17F223D0F5E1}.Debug|Any CPU.ActiveCfg = Debug|Any CPU
		{C9131552-2AC8-44F6-BE8D-17F223D0F5E1}.Debug|Any CPU.Build.0 = Debug|Any CPU
		{C9131552-2AC8-44F6-BE8D-17F223D0F5E1}.Debug|x64.ActiveCfg = Debug|Any CPU
		{C9131552-2AC8-44F6-BE8D-17F223D0F5E1}.Debug|x64.Build.0 = Debug|Any CPU
		{C9131552-2AC8-44F6-BE8D-17F223D0F5E1}.Debug|x86.ActiveCfg = Debug|Any CPU
		{C9131552-2AC8-44F6-BE8D-17F223D0F5E1}.Debug|x86.Build.0 = Debug|Any CPU
		{C9131552-2AC8-44F6-BE8D-17F223D0F5E1}.Release|Any CPU.ActiveCfg = Release|Any CPU
		{C9131552-2AC8-44F6-BE8D-17F223D0F5E1}.Release|Any CPU.Build.0 = Release|Any CPU
		{C9131552-2AC8-44F6-BE8D-17F223D0F5E1}.Release|x64.ActiveCfg = Release|Any CPU
		{C9131552-2AC8-44F6-BE8D-17F223D0F5E1}.Release|x64.Build.0 = Release|Any CPU
		{C9131552-2AC8-44F6-BE8D-17F223D0F5E1}.Release|x86.ActiveCfg = Release|Any CPU
		{C9131552-2AC8-44F6-BE8D-17F223D0F5E1}.Release|x86.Build.0 = Release|Any CPU
		{8EC7614A-6D41-4752-BC17-6858811C2B48}.Debug|Any CPU.ActiveCfg = Debug|Any CPU
		{8EC7614A-6D41-4752-BC17-6858811C2B48}.Debug|Any CPU.Build.0 = Debug|Any CPU
		{8EC7614A-6D41-4752-BC17-6858811C2B48}.Debug|x64.ActiveCfg = Debug|Any CPU
		{8EC7614A-6D41-4752-BC17-6858811C2B48}.Debug|x64.Build.0 = Debug|Any CPU
		{8EC7614A-6D41-4752-BC17-6858811C2B48}.Debug|x86.ActiveCfg = Debug|Any CPU
		{8EC7614A-6D41-4752-BC17-6858811C2B48}.Debug|x86.Build.0 = Debug|Any CPU
		{8EC7614A-6D41-4752-BC17-6858811C2B48}.Release|Any CPU.ActiveCfg = Release|Any CPU
		{8EC7614A-6D41-4752-BC17-6858811C2B48}.Release|Any CPU.Build.0 = Release|Any CPU
		{8EC7614A-6D41-4752-BC17-6858811C2B48}.Release|x64.ActiveCfg = Release|Any CPU
		{8EC7614A-6D41-4752-BC17-6858811C2B48}.Release|x64.Build.0 = Release|Any CPU
		{8EC7614A-6D41-4752-BC17-6858811C2B48}.Release|x86.ActiveCfg = Release|Any CPU
		{8EC7614A-6D41-4752-BC17-6858811C2B48}.Release|x86.Build.0 = Release|Any CPU
		{425659EC-721E-463D-85E4-764273695F21}.Debug|Any CPU.ActiveCfg = Debug|Any CPU
		{425659EC-721E-463D-85E4-764273695F21}.Debug|Any CPU.Build.0 = Debug|Any CPU
		{425659EC-721E-463D-85E4-764273695F21}.Debug|x64.ActiveCfg = Debug|Any CPU
		{425659EC-721E-463D-85E4-764273695F21}.Debug|x64.Build.0 = Debug|Any CPU
		{425659EC-721E-463D-85E4-764273695F21}.Debug|x86.ActiveCfg = Debug|Any CPU
		{425659EC-721E-463D-85E4-764273695F21}.Debug|x86.Build.0 = Debug|Any CPU
		{425659EC-721E-463D-85E4-764273695F21}.Release|Any CPU.ActiveCfg = Release|Any CPU
		{425659EC-721E-463D-85E4-764273695F21}.Release|Any CPU.Build.0 = Release|Any CPU
		{425659EC-721E-463D-85E4-764273695F21}.Release|x64.ActiveCfg = Release|Any CPU
		{425659EC-721E-463D-85E4-764273695F21}.Release|x64.Build.0 = Release|Any CPU
		{425659EC-721E-463D-85E4-764273695F21}.Release|x86.ActiveCfg = Release|Any CPU
		{425659EC-721E-463D-85E4-764273695F21}.Release|x86.Build.0 = Release|Any CPU
		{23B12913-7D75-46A6-A36B-F3755A1102BD}.Debug|Any CPU.ActiveCfg = Debug|Any CPU
		{23B12913-7D75-46A6-A36B-F3755A1102BD}.Debug|Any CPU.Build.0 = Debug|Any CPU
		{23B12913-7D75-46A6-A36B-F3755A1102BD}.Debug|x64.ActiveCfg = Debug|Any CPU
		{23B12913-7D75-46A6-A36B-F3755A1102BD}.Debug|x64.Build.0 = Debug|Any CPU
		{23B12913-7D75-46A6-A36B-F3755A1102BD}.Debug|x86.ActiveCfg = Debug|Any CPU
		{23B12913-7D75-46A6-A36B-F3755A1102BD}.Debug|x86.Build.0 = Debug|Any CPU
		{23B12913-7D75-46A6-A36B-F3755A1102BD}.Release|Any CPU.ActiveCfg = Release|Any CPU
		{23B12913-7D75-46A6-A36B-F3755A1102BD}.Release|Any CPU.Build.0 = Release|Any CPU
		{23B12913-7D75-46A6-A36B-F3755A1102BD}.Release|x64.ActiveCfg = Release|Any CPU
		{23B12913-7D75-46A6-A36B-F3755A1102BD}.Release|x64.Build.0 = Release|Any CPU
		{23B12913-7D75-46A6-A36B-F3755A1102BD}.Release|x86.ActiveCfg = Release|Any CPU
		{23B12913-7D75-46A6-A36B-F3755A1102BD}.Release|x86.Build.0 = Release|Any CPU
		{F248B3EE-1C18-48CF-89C4-72D3F93F2C57}.Debug|Any CPU.ActiveCfg = Debug|Any CPU
		{F248B3EE-1C18-48CF-89C4-72D3F93F2C57}.Debug|Any CPU.Build.0 = Debug|Any CPU
		{F248B3EE-1C18-48CF-89C4-72D3F93F2C57}.Debug|x64.ActiveCfg = Debug|Any CPU
		{F248B3EE-1C18-48CF-89C4-72D3F93F2C57}.Debug|x64.Build.0 = Debug|Any CPU
		{F248B3EE-1C18-48CF-89C4-72D3F93F2C57}.Debug|x86.ActiveCfg = Debug|Any CPU
		{F248B3EE-1C18-48CF-89C4-72D3F93F2C57}.Debug|x86.Build.0 = Debug|Any CPU
		{F248B3EE-1C18-48CF-89C4-72D3F93F2C57}.Release|Any CPU.ActiveCfg = Release|Any CPU
		{F248B3EE-1C18-48CF-89C4-72D3F93F2C57}.Release|Any CPU.Build.0 = Release|Any CPU
		{F248B3EE-1C18-48CF-89C4-72D3F93F2C57}.Release|x64.ActiveCfg = Release|Any CPU
		{F248B3EE-1C18-48CF-89C4-72D3F93F2C57}.Release|x64.Build.0 = Release|Any CPU
		{F248B3EE-1C18-48CF-89C4-72D3F93F2C57}.Release|x86.ActiveCfg = Release|Any CPU
		{F248B3EE-1C18-48CF-89C4-72D3F93F2C57}.Release|x86.Build.0 = Release|Any CPU
		{9A205930-936F-4480-8F12-D241E5E08674}.Debug|Any CPU.ActiveCfg = Debug|Any CPU
		{9A205930-936F-4480-8F12-D241E5E08674}.Debug|Any CPU.Build.0 = Debug|Any CPU
		{9A205930-936F-4480-8F12-D241E5E08674}.Debug|x64.ActiveCfg = Debug|Any CPU
		{9A205930-936F-4480-8F12-D241E5E08674}.Debug|x64.Build.0 = Debug|Any CPU
		{9A205930-936F-4480-8F12-D241E5E08674}.Debug|x86.ActiveCfg = Debug|Any CPU
		{9A205930-936F-4480-8F12-D241E5E08674}.Debug|x86.Build.0 = Debug|Any CPU
		{9A205930-936F-4480-8F12-D241E5E08674}.Release|Any CPU.ActiveCfg = Release|Any CPU
		{9A205930-936F-4480-8F12-D241E5E08674}.Release|Any CPU.Build.0 = Release|Any CPU
		{9A205930-936F-4480-8F12-D241E5E08674}.Release|x64.ActiveCfg = Release|Any CPU
		{9A205930-936F-4480-8F12-D241E5E08674}.Release|x64.Build.0 = Release|Any CPU
		{9A205930-936F-4480-8F12-D241E5E08674}.Release|x86.ActiveCfg = Release|Any CPU
		{9A205930-936F-4480-8F12-D241E5E08674}.Release|x86.Build.0 = Release|Any CPU
		{8D385437-C4D8-4F7B-972F-238072F55C2D}.Debug|Any CPU.ActiveCfg = Debug|Any CPU
		{8D385437-C4D8-4F7B-972F-238072F55C2D}.Debug|Any CPU.Build.0 = Debug|Any CPU
		{8D385437-C4D8-4F7B-972F-238072F55C2D}.Debug|x64.ActiveCfg = Debug|Any CPU
		{8D385437-C4D8-4F7B-972F-238072F55C2D}.Debug|x64.Build.0 = Debug|Any CPU
		{8D385437-C4D8-4F7B-972F-238072F55C2D}.Debug|x86.ActiveCfg = Debug|Any CPU
		{8D385437-C4D8-4F7B-972F-238072F55C2D}.Debug|x86.Build.0 = Debug|Any CPU
		{8D385437-C4D8-4F7B-972F-238072F55C2D}.Release|Any CPU.ActiveCfg = Release|Any CPU
		{8D385437-C4D8-4F7B-972F-238072F55C2D}.Release|Any CPU.Build.0 = Release|Any CPU
		{8D385437-C4D8-4F7B-972F-238072F55C2D}.Release|x64.ActiveCfg = Release|Any CPU
		{8D385437-C4D8-4F7B-972F-238072F55C2D}.Release|x64.Build.0 = Release|Any CPU
		{8D385437-C4D8-4F7B-972F-238072F55C2D}.Release|x86.ActiveCfg = Release|Any CPU
		{8D385437-C4D8-4F7B-972F-238072F55C2D}.Release|x86.Build.0 = Release|Any CPU
		{22E144A6-4993-443C-98F3-C0EA79686C44}.Debug|Any CPU.ActiveCfg = Debug|Any CPU
		{22E144A6-4993-443C-98F3-C0EA79686C44}.Debug|Any CPU.Build.0 = Debug|Any CPU
		{22E144A6-4993-443C-98F3-C0EA79686C44}.Debug|x64.ActiveCfg = Debug|Any CPU
		{22E144A6-4993-443C-98F3-C0EA79686C44}.Debug|x64.Build.0 = Debug|Any CPU
		{22E144A6-4993-443C-98F3-C0EA79686C44}.Debug|x86.ActiveCfg = Debug|Any CPU
		{22E144A6-4993-443C-98F3-C0EA79686C44}.Debug|x86.Build.0 = Debug|Any CPU
		{22E144A6-4993-443C-98F3-C0EA79686C44}.Release|Any CPU.ActiveCfg = Release|Any CPU
		{22E144A6-4993-443C-98F3-C0EA79686C44}.Release|Any CPU.Build.0 = Release|Any CPU
		{22E144A6-4993-443C-98F3-C0EA79686C44}.Release|x64.ActiveCfg = Release|Any CPU
		{22E144A6-4993-443C-98F3-C0EA79686C44}.Release|x64.Build.0 = Release|Any CPU
		{22E144A6-4993-443C-98F3-C0EA79686C44}.Release|x86.ActiveCfg = Release|Any CPU
		{22E144A6-4993-443C-98F3-C0EA79686C44}.Release|x86.Build.0 = Release|Any CPU
		{DBA91BCB-67AE-4914-9043-9739E67D10F0}.Debug|Any CPU.ActiveCfg = Debug|Any CPU
		{DBA91BCB-67AE-4914-9043-9739E67D10F0}.Debug|Any CPU.Build.0 = Debug|Any CPU
		{DBA91BCB-67AE-4914-9043-9739E67D10F0}.Debug|x64.ActiveCfg = Debug|Any CPU
		{DBA91BCB-67AE-4914-9043-9739E67D10F0}.Debug|x64.Build.0 = Debug|Any CPU
		{DBA91BCB-67AE-4914-9043-9739E67D10F0}.Debug|x86.ActiveCfg = Debug|Any CPU
		{DBA91BCB-67AE-4914-9043-9739E67D10F0}.Debug|x86.Build.0 = Debug|Any CPU
		{DBA91BCB-67AE-4914-9043-9739E67D10F0}.Release|Any CPU.ActiveCfg = Release|Any CPU
		{DBA91BCB-67AE-4914-9043-9739E67D10F0}.Release|Any CPU.Build.0 = Release|Any CPU
		{DBA91BCB-67AE-4914-9043-9739E67D10F0}.Release|x64.ActiveCfg = Release|Any CPU
		{DBA91BCB-67AE-4914-9043-9739E67D10F0}.Release|x64.Build.0 = Release|Any CPU
		{DBA91BCB-67AE-4914-9043-9739E67D10F0}.Release|x86.ActiveCfg = Release|Any CPU
		{DBA91BCB-67AE-4914-9043-9739E67D10F0}.Release|x86.Build.0 = Release|Any CPU
		{1F046E60-3DCD-4544-89B1-8DC5DC6D9D64}.Debug|Any CPU.ActiveCfg = Debug|Any CPU
		{1F046E60-3DCD-4544-89B1-8DC5DC6D9D64}.Debug|Any CPU.Build.0 = Debug|Any CPU
		{1F046E60-3DCD-4544-89B1-8DC5DC6D9D64}.Debug|x64.ActiveCfg = Debug|Any CPU
		{1F046E60-3DCD-4544-89B1-8DC5DC6D9D64}.Debug|x64.Build.0 = Debug|Any CPU
		{1F046E60-3DCD-4544-89B1-8DC5DC6D9D64}.Debug|x86.ActiveCfg = Debug|Any CPU
		{1F046E60-3DCD-4544-89B1-8DC5DC6D9D64}.Debug|x86.Build.0 = Debug|Any CPU
		{1F046E60-3DCD-4544-89B1-8DC5DC6D9D64}.Release|Any CPU.ActiveCfg = Release|Any CPU
		{1F046E60-3DCD-4544-89B1-8DC5DC6D9D64}.Release|Any CPU.Build.0 = Release|Any CPU
		{1F046E60-3DCD-4544-89B1-8DC5DC6D9D64}.Release|x64.ActiveCfg = Release|Any CPU
		{1F046E60-3DCD-4544-89B1-8DC5DC6D9D64}.Release|x64.Build.0 = Release|Any CPU
		{1F046E60-3DCD-4544-89B1-8DC5DC6D9D64}.Release|x86.ActiveCfg = Release|Any CPU
		{1F046E60-3DCD-4544-89B1-8DC5DC6D9D64}.Release|x86.Build.0 = Release|Any CPU
		{66E0AA11-C72F-45F7-B641-40D4B7B670E4}.Debug|Any CPU.ActiveCfg = Debug|Any CPU
		{66E0AA11-C72F-45F7-B641-40D4B7B670E4}.Debug|Any CPU.Build.0 = Debug|Any CPU
		{66E0AA11-C72F-45F7-B641-40D4B7B670E4}.Debug|x64.ActiveCfg = Debug|Any CPU
		{66E0AA11-C72F-45F7-B641-40D4B7B670E4}.Debug|x64.Build.0 = Debug|Any CPU
		{66E0AA11-C72F-45F7-B641-40D4B7B670E4}.Debug|x86.ActiveCfg = Debug|Any CPU
		{66E0AA11-C72F-45F7-B641-40D4B7B670E4}.Debug|x86.Build.0 = Debug|Any CPU
		{66E0AA11-C72F-45F7-B641-40D4B7B670E4}.Release|Any CPU.ActiveCfg = Release|Any CPU
		{66E0AA11-C72F-45F7-B641-40D4B7B670E4}.Release|Any CPU.Build.0 = Release|Any CPU
		{66E0AA11-C72F-45F7-B641-40D4B7B670E4}.Release|x64.ActiveCfg = Release|Any CPU
		{66E0AA11-C72F-45F7-B641-40D4B7B670E4}.Release|x64.Build.0 = Release|Any CPU
		{66E0AA11-C72F-45F7-B641-40D4B7B670E4}.Release|x86.ActiveCfg = Release|Any CPU
		{66E0AA11-C72F-45F7-B641-40D4B7B670E4}.Release|x86.Build.0 = Release|Any CPU
		{D973C84B-E92D-4510-AAD3-A85C3DE33264}.Debug|Any CPU.ActiveCfg = Debug|Any CPU
		{D973C84B-E92D-4510-AAD3-A85C3DE33264}.Debug|Any CPU.Build.0 = Debug|Any CPU
		{D973C84B-E92D-4510-AAD3-A85C3DE33264}.Debug|x64.ActiveCfg = Debug|Any CPU
		{D973C84B-E92D-4510-AAD3-A85C3DE33264}.Debug|x64.Build.0 = Debug|Any CPU
		{D973C84B-E92D-4510-AAD3-A85C3DE33264}.Debug|x86.ActiveCfg = Debug|Any CPU
		{D973C84B-E92D-4510-AAD3-A85C3DE33264}.Debug|x86.Build.0 = Debug|Any CPU
		{D973C84B-E92D-4510-AAD3-A85C3DE33264}.Release|Any CPU.ActiveCfg = Release|Any CPU
		{D973C84B-E92D-4510-AAD3-A85C3DE33264}.Release|Any CPU.Build.0 = Release|Any CPU
		{D973C84B-E92D-4510-AAD3-A85C3DE33264}.Release|x64.ActiveCfg = Release|Any CPU
		{D973C84B-E92D-4510-AAD3-A85C3DE33264}.Release|x64.Build.0 = Release|Any CPU
		{D973C84B-E92D-4510-AAD3-A85C3DE33264}.Release|x86.ActiveCfg = Release|Any CPU
		{D973C84B-E92D-4510-AAD3-A85C3DE33264}.Release|x86.Build.0 = Release|Any CPU
		{7905DCA0-9A66-4E92-BD13-482A362CE1DB}.Debug|Any CPU.ActiveCfg = Debug|Any CPU
		{7905DCA0-9A66-4E92-BD13-482A362CE1DB}.Debug|Any CPU.Build.0 = Debug|Any CPU
		{7905DCA0-9A66-4E92-BD13-482A362CE1DB}.Debug|x64.ActiveCfg = Debug|Any CPU
		{7905DCA0-9A66-4E92-BD13-482A362CE1DB}.Debug|x64.Build.0 = Debug|Any CPU
		{7905DCA0-9A66-4E92-BD13-482A362CE1DB}.Debug|x86.ActiveCfg = Debug|Any CPU
		{7905DCA0-9A66-4E92-BD13-482A362CE1DB}.Debug|x86.Build.0 = Debug|Any CPU
		{7905DCA0-9A66-4E92-BD13-482A362CE1DB}.Release|Any CPU.ActiveCfg = Release|Any CPU
		{7905DCA0-9A66-4E92-BD13-482A362CE1DB}.Release|Any CPU.Build.0 = Release|Any CPU
		{7905DCA0-9A66-4E92-BD13-482A362CE1DB}.Release|x64.ActiveCfg = Release|Any CPU
		{7905DCA0-9A66-4E92-BD13-482A362CE1DB}.Release|x64.Build.0 = Release|Any CPU
		{7905DCA0-9A66-4E92-BD13-482A362CE1DB}.Release|x86.ActiveCfg = Release|Any CPU
		{7905DCA0-9A66-4E92-BD13-482A362CE1DB}.Release|x86.Build.0 = Release|Any CPU
		{80D4F5D8-EBF3-4F63-A0F3-BC3A9DF8EA75}.Debug|Any CPU.ActiveCfg = Debug|Any CPU
		{80D4F5D8-EBF3-4F63-A0F3-BC3A9DF8EA75}.Debug|Any CPU.Build.0 = Debug|Any CPU
		{80D4F5D8-EBF3-4F63-A0F3-BC3A9DF8EA75}.Debug|x64.ActiveCfg = Debug|Any CPU
		{80D4F5D8-EBF3-4F63-A0F3-BC3A9DF8EA75}.Debug|x64.Build.0 = Debug|Any CPU
		{80D4F5D8-EBF3-4F63-A0F3-BC3A9DF8EA75}.Debug|x86.ActiveCfg = Debug|Any CPU
		{80D4F5D8-EBF3-4F63-A0F3-BC3A9DF8EA75}.Debug|x86.Build.0 = Debug|Any CPU
		{80D4F5D8-EBF3-4F63-A0F3-BC3A9DF8EA75}.Release|Any CPU.ActiveCfg = Release|Any CPU
		{80D4F5D8-EBF3-4F63-A0F3-BC3A9DF8EA75}.Release|Any CPU.Build.0 = Release|Any CPU
		{80D4F5D8-EBF3-4F63-A0F3-BC3A9DF8EA75}.Release|x64.ActiveCfg = Release|Any CPU
		{80D4F5D8-EBF3-4F63-A0F3-BC3A9DF8EA75}.Release|x64.Build.0 = Release|Any CPU
		{80D4F5D8-EBF3-4F63-A0F3-BC3A9DF8EA75}.Release|x86.ActiveCfg = Release|Any CPU
		{80D4F5D8-EBF3-4F63-A0F3-BC3A9DF8EA75}.Release|x86.Build.0 = Release|Any CPU
		{6F71AA13-2A09-41FC-B799-3E297D5DF458}.Debug|Any CPU.ActiveCfg = Debug|Any CPU
		{6F71AA13-2A09-41FC-B799-3E297D5DF458}.Debug|Any CPU.Build.0 = Debug|Any CPU
		{6F71AA13-2A09-41FC-B799-3E297D5DF458}.Debug|x64.ActiveCfg = Debug|Any CPU
		{6F71AA13-2A09-41FC-B799-3E297D5DF458}.Debug|x64.Build.0 = Debug|Any CPU
		{6F71AA13-2A09-41FC-B799-3E297D5DF458}.Debug|x86.ActiveCfg = Debug|Any CPU
		{6F71AA13-2A09-41FC-B799-3E297D5DF458}.Debug|x86.Build.0 = Debug|Any CPU
		{6F71AA13-2A09-41FC-B799-3E297D5DF458}.Release|Any CPU.ActiveCfg = Release|Any CPU
		{6F71AA13-2A09-41FC-B799-3E297D5DF458}.Release|Any CPU.Build.0 = Release|Any CPU
		{6F71AA13-2A09-41FC-B799-3E297D5DF458}.Release|x64.ActiveCfg = Release|Any CPU
		{6F71AA13-2A09-41FC-B799-3E297D5DF458}.Release|x64.Build.0 = Release|Any CPU
		{6F71AA13-2A09-41FC-B799-3E297D5DF458}.Release|x86.ActiveCfg = Release|Any CPU
		{6F71AA13-2A09-41FC-B799-3E297D5DF458}.Release|x86.Build.0 = Release|Any CPU
		{339FAF51-D4AE-4C1C-ABB4-8893D761807E}.Debug|Any CPU.ActiveCfg = Debug|Any CPU
		{339FAF51-D4AE-4C1C-ABB4-8893D761807E}.Debug|Any CPU.Build.0 = Debug|Any CPU
		{339FAF51-D4AE-4C1C-ABB4-8893D761807E}.Debug|x64.ActiveCfg = Debug|Any CPU
		{339FAF51-D4AE-4C1C-ABB4-8893D761807E}.Debug|x64.Build.0 = Debug|Any CPU
		{339FAF51-D4AE-4C1C-ABB4-8893D761807E}.Debug|x86.ActiveCfg = Debug|Any CPU
		{339FAF51-D4AE-4C1C-ABB4-8893D761807E}.Debug|x86.Build.0 = Debug|Any CPU
		{339FAF51-D4AE-4C1C-ABB4-8893D761807E}.Release|Any CPU.ActiveCfg = Release|Any CPU
		{339FAF51-D4AE-4C1C-ABB4-8893D761807E}.Release|Any CPU.Build.0 = Release|Any CPU
		{339FAF51-D4AE-4C1C-ABB4-8893D761807E}.Release|x64.ActiveCfg = Release|Any CPU
		{339FAF51-D4AE-4C1C-ABB4-8893D761807E}.Release|x64.Build.0 = Release|Any CPU
		{339FAF51-D4AE-4C1C-ABB4-8893D761807E}.Release|x86.ActiveCfg = Release|Any CPU
		{339FAF51-D4AE-4C1C-ABB4-8893D761807E}.Release|x86.Build.0 = Release|Any CPU
		{33FCE6B8-C1B1-4037-B0FE-F6CD61F4631C}.Debug|Any CPU.ActiveCfg = Debug|Any CPU
		{33FCE6B8-C1B1-4037-B0FE-F6CD61F4631C}.Debug|Any CPU.Build.0 = Debug|Any CPU
		{33FCE6B8-C1B1-4037-B0FE-F6CD61F4631C}.Debug|x64.ActiveCfg = Debug|Any CPU
		{33FCE6B8-C1B1-4037-B0FE-F6CD61F4631C}.Debug|x64.Build.0 = Debug|Any CPU
		{33FCE6B8-C1B1-4037-B0FE-F6CD61F4631C}.Debug|x86.ActiveCfg = Debug|Any CPU
		{33FCE6B8-C1B1-4037-B0FE-F6CD61F4631C}.Debug|x86.Build.0 = Debug|Any CPU
		{33FCE6B8-C1B1-4037-B0FE-F6CD61F4631C}.Release|Any CPU.ActiveCfg = Release|Any CPU
		{33FCE6B8-C1B1-4037-B0FE-F6CD61F4631C}.Release|Any CPU.Build.0 = Release|Any CPU
		{33FCE6B8-C1B1-4037-B0FE-F6CD61F4631C}.Release|x64.ActiveCfg = Release|Any CPU
		{33FCE6B8-C1B1-4037-B0FE-F6CD61F4631C}.Release|x64.Build.0 = Release|Any CPU
		{33FCE6B8-C1B1-4037-B0FE-F6CD61F4631C}.Release|x86.ActiveCfg = Release|Any CPU
		{33FCE6B8-C1B1-4037-B0FE-F6CD61F4631C}.Release|x86.Build.0 = Release|Any CPU
		{A1B2C3D4-E5F6-7890-ABCD-EF1234567890}.Debug|Any CPU.ActiveCfg = Debug|Any CPU
		{A1B2C3D4-E5F6-7890-ABCD-EF1234567890}.Debug|Any CPU.Build.0 = Debug|Any CPU
		{A1B2C3D4-E5F6-7890-ABCD-EF1234567890}.Debug|x64.ActiveCfg = Debug|Any CPU
		{A1B2C3D4-E5F6-7890-ABCD-EF1234567890}.Debug|x64.Build.0 = Debug|Any CPU
		{A1B2C3D4-E5F6-7890-ABCD-EF1234567890}.Debug|x86.ActiveCfg = Debug|Any CPU
		{A1B2C3D4-E5F6-7890-ABCD-EF1234567890}.Debug|x86.Build.0 = Debug|Any CPU
		{A1B2C3D4-E5F6-7890-ABCD-EF1234567890}.Release|Any CPU.ActiveCfg = Release|Any CPU
		{A1B2C3D4-E5F6-7890-ABCD-EF1234567890}.Release|Any CPU.Build.0 = Release|Any CPU
		{A1B2C3D4-E5F6-7890-ABCD-EF1234567890}.Release|x64.ActiveCfg = Release|Any CPU
		{A1B2C3D4-E5F6-7890-ABCD-EF1234567890}.Release|x64.Build.0 = Release|Any CPU
		{A1B2C3D4-E5F6-7890-ABCD-EF1234567890}.Release|x86.ActiveCfg = Release|Any CPU
		{A1B2C3D4-E5F6-7890-ABCD-EF1234567890}.Release|x86.Build.0 = Release|Any CPU
		{B2C3D4E5-F6A7-8901-BCDE-F12345678901}.Debug|Any CPU.ActiveCfg = Debug|Any CPU
		{B2C3D4E5-F6A7-8901-BCDE-F12345678901}.Debug|Any CPU.Build.0 = Debug|Any CPU
		{B2C3D4E5-F6A7-8901-BCDE-F12345678901}.Debug|x64.ActiveCfg = Debug|Any CPU
		{B2C3D4E5-F6A7-8901-BCDE-F12345678901}.Debug|x64.Build.0 = Debug|Any CPU
		{B2C3D4E5-F6A7-8901-BCDE-F12345678901}.Debug|x86.ActiveCfg = Debug|Any CPU
		{B2C3D4E5-F6A7-8901-BCDE-F12345678901}.Debug|x86.Build.0 = Debug|Any CPU
		{B2C3D4E5-F6A7-8901-BCDE-F12345678901}.Release|Any CPU.ActiveCfg = Release|Any CPU
		{B2C3D4E5-F6A7-8901-BCDE-F12345678901}.Release|Any CPU.Build.0 = Release|Any CPU
		{B2C3D4E5-F6A7-8901-BCDE-F12345678901}.Release|x64.ActiveCfg = Release|Any CPU
		{B2C3D4E5-F6A7-8901-BCDE-F12345678901}.Release|x64.Build.0 = Release|Any CPU
		{B2C3D4E5-F6A7-8901-BCDE-F12345678901}.Release|x86.ActiveCfg = Release|Any CPU
		{B2C3D4E5-F6A7-8901-BCDE-F12345678901}.Release|x86.Build.0 = Release|Any CPU
		{1B8D8B1F-1392-49D8-9B05-48533D76AB9B}.Debug|Any CPU.ActiveCfg = Debug|Any CPU
		{1B8D8B1F-1392-49D8-9B05-48533D76AB9B}.Debug|Any CPU.Build.0 = Debug|Any CPU
		{1B8D8B1F-1392-49D8-9B05-48533D76AB9B}.Debug|x64.ActiveCfg = Debug|Any CPU
		{1B8D8B1F-1392-49D8-9B05-48533D76AB9B}.Debug|x64.Build.0 = Debug|Any CPU
		{1B8D8B1F-1392-49D8-9B05-48533D76AB9B}.Debug|x86.ActiveCfg = Debug|Any CPU
		{1B8D8B1F-1392-49D8-9B05-48533D76AB9B}.Debug|x86.Build.0 = Debug|Any CPU
		{1B8D8B1F-1392-49D8-9B05-48533D76AB9B}.Release|Any CPU.ActiveCfg = Release|Any CPU
		{1B8D8B1F-1392-49D8-9B05-48533D76AB9B}.Release|Any CPU.Build.0 = Release|Any CPU
		{1B8D8B1F-1392-49D8-9B05-48533D76AB9B}.Release|x64.ActiveCfg = Release|Any CPU
		{1B8D8B1F-1392-49D8-9B05-48533D76AB9B}.Release|x64.Build.0 = Release|Any CPU
		{1B8D8B1F-1392-49D8-9B05-48533D76AB9B}.Release|x86.ActiveCfg = Release|Any CPU
		{1B8D8B1F-1392-49D8-9B05-48533D76AB9B}.Release|x86.Build.0 = Release|Any CPU
		{F979C56E-DD47-4FCF-9D46-FD48205B6B29}.Debug|Any CPU.ActiveCfg = Debug|Any CPU
		{F979C56E-DD47-4FCF-9D46-FD48205B6B29}.Debug|Any CPU.Build.0 = Debug|Any CPU
		{F979C56E-DD47-4FCF-9D46-FD48205B6B29}.Debug|x64.ActiveCfg = Debug|Any CPU
		{F979C56E-DD47-4FCF-9D46-FD48205B6B29}.Debug|x64.Build.0 = Debug|Any CPU
		{F979C56E-DD47-4FCF-9D46-FD48205B6B29}.Debug|x86.ActiveCfg = Debug|Any CPU
		{F979C56E-DD47-4FCF-9D46-FD48205B6B29}.Debug|x86.Build.0 = Debug|Any CPU
		{F979C56E-DD47-4FCF-9D46-FD48205B6B29}.Release|Any CPU.ActiveCfg = Release|Any CPU
		{F979C56E-DD47-4FCF-9D46-FD48205B6B29}.Release|Any CPU.Build.0 = Release|Any CPU
		{F979C56E-DD47-4FCF-9D46-FD48205B6B29}.Release|x64.ActiveCfg = Release|Any CPU
		{F979C56E-DD47-4FCF-9D46-FD48205B6B29}.Release|x64.Build.0 = Release|Any CPU
		{F979C56E-DD47-4FCF-9D46-FD48205B6B29}.Release|x86.ActiveCfg = Release|Any CPU
		{F979C56E-DD47-4FCF-9D46-FD48205B6B29}.Release|x86.Build.0 = Release|Any CPU
		{D4FBF0DC-342B-4787-B63F-F6F6C82B5A6C}.Debug|Any CPU.ActiveCfg = Debug|Any CPU
		{D4FBF0DC-342B-4787-B63F-F6F6C82B5A6C}.Debug|Any CPU.Build.0 = Debug|Any CPU
		{D4FBF0DC-342B-4787-B63F-F6F6C82B5A6C}.Debug|x64.ActiveCfg = Debug|Any CPU
		{D4FBF0DC-342B-4787-B63F-F6F6C82B5A6C}.Debug|x64.Build.0 = Debug|Any CPU
		{D4FBF0DC-342B-4787-B63F-F6F6C82B5A6C}.Debug|x86.ActiveCfg = Debug|Any CPU
		{D4FBF0DC-342B-4787-B63F-F6F6C82B5A6C}.Debug|x86.Build.0 = Debug|Any CPU
		{D4FBF0DC-342B-4787-B63F-F6F6C82B5A6C}.Release|Any CPU.ActiveCfg = Release|Any CPU
		{D4FBF0DC-342B-4787-B63F-F6F6C82B5A6C}.Release|Any CPU.Build.0 = Release|Any CPU
		{D4FBF0DC-342B-4787-B63F-F6F6C82B5A6C}.Release|x64.ActiveCfg = Release|Any CPU
		{D4FBF0DC-342B-4787-B63F-F6F6C82B5A6C}.Release|x64.Build.0 = Release|Any CPU
		{D4FBF0DC-342B-4787-B63F-F6F6C82B5A6C}.Release|x86.ActiveCfg = Release|Any CPU
		{D4FBF0DC-342B-4787-B63F-F6F6C82B5A6C}.Release|x86.Build.0 = Release|Any CPU
		{A24C5177-37C8-42A5-8CF6-21CB22BC6F13}.Debug|Any CPU.ActiveCfg = Debug|Any CPU
		{A24C5177-37C8-42A5-8CF6-21CB22BC6F13}.Debug|Any CPU.Build.0 = Debug|Any CPU
		{A24C5177-37C8-42A5-8CF6-21CB22BC6F13}.Debug|x64.ActiveCfg = Debug|Any CPU
		{A24C5177-37C8-42A5-8CF6-21CB22BC6F13}.Debug|x64.Build.0 = Debug|Any CPU
		{A24C5177-37C8-42A5-8CF6-21CB22BC6F13}.Debug|x86.ActiveCfg = Debug|Any CPU
		{A24C5177-37C8-42A5-8CF6-21CB22BC6F13}.Debug|x86.Build.0 = Debug|Any CPU
		{A24C5177-37C8-42A5-8CF6-21CB22BC6F13}.Release|Any CPU.ActiveCfg = Release|Any CPU
		{A24C5177-37C8-42A5-8CF6-21CB22BC6F13}.Release|Any CPU.Build.0 = Release|Any CPU
		{A24C5177-37C8-42A5-8CF6-21CB22BC6F13}.Release|x64.ActiveCfg = Release|Any CPU
		{A24C5177-37C8-42A5-8CF6-21CB22BC6F13}.Release|x64.Build.0 = Release|Any CPU
		{A24C5177-37C8-42A5-8CF6-21CB22BC6F13}.Release|x86.ActiveCfg = Release|Any CPU
		{A24C5177-37C8-42A5-8CF6-21CB22BC6F13}.Release|x86.Build.0 = Release|Any CPU
		{85F30612-A5C3-4840-BE81-634116C853C6}.Debug|Any CPU.ActiveCfg = Debug|Any CPU
		{85F30612-A5C3-4840-BE81-634116C853C6}.Debug|Any CPU.Build.0 = Debug|Any CPU
		{85F30612-A5C3-4840-BE81-634116C853C6}.Debug|x64.ActiveCfg = Debug|Any CPU
		{85F30612-A5C3-4840-BE81-634116C853C6}.Debug|x64.Build.0 = Debug|Any CPU
		{85F30612-A5C3-4840-BE81-634116C853C6}.Debug|x86.ActiveCfg = Debug|Any CPU
		{85F30612-A5C3-4840-BE81-634116C853C6}.Debug|x86.Build.0 = Debug|Any CPU
		{85F30612-A5C3-4840-BE81-634116C853C6}.Release|Any CPU.ActiveCfg = Release|Any CPU
		{85F30612-A5C3-4840-BE81-634116C853C6}.Release|Any CPU.Build.0 = Release|Any CPU
		{85F30612-A5C3-4840-BE81-634116C853C6}.Release|x64.ActiveCfg = Release|Any CPU
		{85F30612-A5C3-4840-BE81-634116C853C6}.Release|x64.Build.0 = Release|Any CPU
		{85F30612-A5C3-4840-BE81-634116C853C6}.Release|x86.ActiveCfg = Release|Any CPU
		{85F30612-A5C3-4840-BE81-634116C853C6}.Release|x86.Build.0 = Release|Any CPU
		{00D10920-0AAC-4067-80F3-29022DCC6C02}.Debug|Any CPU.ActiveCfg = Debug|Any CPU
		{00D10920-0AAC-4067-80F3-29022DCC6C02}.Debug|Any CPU.Build.0 = Debug|Any CPU
		{00D10920-0AAC-4067-80F3-29022DCC6C02}.Debug|x64.ActiveCfg = Debug|Any CPU
		{00D10920-0AAC-4067-80F3-29022DCC6C02}.Debug|x64.Build.0 = Debug|Any CPU
		{00D10920-0AAC-4067-80F3-29022DCC6C02}.Debug|x86.ActiveCfg = Debug|Any CPU
		{00D10920-0AAC-4067-80F3-29022DCC6C02}.Debug|x86.Build.0 = Debug|Any CPU
		{00D10920-0AAC-4067-80F3-29022DCC6C02}.Release|Any CPU.ActiveCfg = Release|Any CPU
		{00D10920-0AAC-4067-80F3-29022DCC6C02}.Release|Any CPU.Build.0 = Release|Any CPU
		{00D10920-0AAC-4067-80F3-29022DCC6C02}.Release|x64.ActiveCfg = Release|Any CPU
		{00D10920-0AAC-4067-80F3-29022DCC6C02}.Release|x64.Build.0 = Release|Any CPU
		{00D10920-0AAC-4067-80F3-29022DCC6C02}.Release|x86.ActiveCfg = Release|Any CPU
		{00D10920-0AAC-4067-80F3-29022DCC6C02}.Release|x86.Build.0 = Release|Any CPU
		{B16D1A11-493A-4E3D-A8D1-33E694A1BF76}.Debug|Any CPU.ActiveCfg = Debug|Any CPU
		{B16D1A11-493A-4E3D-A8D1-33E694A1BF76}.Debug|Any CPU.Build.0 = Debug|Any CPU
		{B16D1A11-493A-4E3D-A8D1-33E694A1BF76}.Debug|x64.ActiveCfg = Debug|Any CPU
		{B16D1A11-493A-4E3D-A8D1-33E694A1BF76}.Debug|x64.Build.0 = Debug|Any CPU
		{B16D1A11-493A-4E3D-A8D1-33E694A1BF76}.Debug|x86.ActiveCfg = Debug|Any CPU
		{B16D1A11-493A-4E3D-A8D1-33E694A1BF76}.Debug|x86.Build.0 = Debug|Any CPU
		{B16D1A11-493A-4E3D-A8D1-33E694A1BF76}.Release|Any CPU.ActiveCfg = Release|Any CPU
		{B16D1A11-493A-4E3D-A8D1-33E694A1BF76}.Release|Any CPU.Build.0 = Release|Any CPU
		{B16D1A11-493A-4E3D-A8D1-33E694A1BF76}.Release|x64.ActiveCfg = Release|Any CPU
		{B16D1A11-493A-4E3D-A8D1-33E694A1BF76}.Release|x64.Build.0 = Release|Any CPU
		{B16D1A11-493A-4E3D-A8D1-33E694A1BF76}.Release|x86.ActiveCfg = Release|Any CPU
		{B16D1A11-493A-4E3D-A8D1-33E694A1BF76}.Release|x86.Build.0 = Release|Any CPU
		{65694E8F-DBFF-4626-9280-3287FFD13A91}.Debug|Any CPU.ActiveCfg = Debug|Any CPU
		{65694E8F-DBFF-4626-9280-3287FFD13A91}.Debug|Any CPU.Build.0 = Debug|Any CPU
		{65694E8F-DBFF-4626-9280-3287FFD13A91}.Debug|x64.ActiveCfg = Debug|Any CPU
		{65694E8F-DBFF-4626-9280-3287FFD13A91}.Debug|x64.Build.0 = Debug|Any CPU
		{65694E8F-DBFF-4626-9280-3287FFD13A91}.Debug|x86.ActiveCfg = Debug|Any CPU
		{65694E8F-DBFF-4626-9280-3287FFD13A91}.Debug|x86.Build.0 = Debug|Any CPU
		{65694E8F-DBFF-4626-9280-3287FFD13A91}.Release|Any CPU.ActiveCfg = Release|Any CPU
		{65694E8F-DBFF-4626-9280-3287FFD13A91}.Release|Any CPU.Build.0 = Release|Any CPU
		{65694E8F-DBFF-4626-9280-3287FFD13A91}.Release|x64.ActiveCfg = Release|Any CPU
		{65694E8F-DBFF-4626-9280-3287FFD13A91}.Release|x64.Build.0 = Release|Any CPU
		{65694E8F-DBFF-4626-9280-3287FFD13A91}.Release|x86.ActiveCfg = Release|Any CPU
		{65694E8F-DBFF-4626-9280-3287FFD13A91}.Release|x86.Build.0 = Release|Any CPU
		{436323F0-8166-4BD6-9FC7-17389546A031}.Debug|Any CPU.ActiveCfg = Debug|Any CPU
		{436323F0-8166-4BD6-9FC7-17389546A031}.Debug|Any CPU.Build.0 = Debug|Any CPU
		{436323F0-8166-4BD6-9FC7-17389546A031}.Debug|x64.ActiveCfg = Debug|Any CPU
		{436323F0-8166-4BD6-9FC7-17389546A031}.Debug|x64.Build.0 = Debug|Any CPU
		{436323F0-8166-4BD6-9FC7-17389546A031}.Debug|x86.ActiveCfg = Debug|Any CPU
		{436323F0-8166-4BD6-9FC7-17389546A031}.Debug|x86.Build.0 = Debug|Any CPU
		{436323F0-8166-4BD6-9FC7-17389546A031}.Release|Any CPU.ActiveCfg = Release|Any CPU
		{436323F0-8166-4BD6-9FC7-17389546A031}.Release|Any CPU.Build.0 = Release|Any CPU
		{436323F0-8166-4BD6-9FC7-17389546A031}.Release|x64.ActiveCfg = Release|Any CPU
		{436323F0-8166-4BD6-9FC7-17389546A031}.Release|x64.Build.0 = Release|Any CPU
		{436323F0-8166-4BD6-9FC7-17389546A031}.Release|x86.ActiveCfg = Release|Any CPU
		{436323F0-8166-4BD6-9FC7-17389546A031}.Release|x86.Build.0 = Release|Any CPU
		{F0D0A83A-5426-4ECE-8A72-1DBE983F7602}.Debug|Any CPU.ActiveCfg = Debug|Any CPU
		{F0D0A83A-5426-4ECE-8A72-1DBE983F7602}.Debug|Any CPU.Build.0 = Debug|Any CPU
		{F0D0A83A-5426-4ECE-8A72-1DBE983F7602}.Debug|x64.ActiveCfg = Debug|Any CPU
		{F0D0A83A-5426-4ECE-8A72-1DBE983F7602}.Debug|x64.Build.0 = Debug|Any CPU
		{F0D0A83A-5426-4ECE-8A72-1DBE983F7602}.Debug|x86.ActiveCfg = Debug|Any CPU
		{F0D0A83A-5426-4ECE-8A72-1DBE983F7602}.Debug|x86.Build.0 = Debug|Any CPU
		{F0D0A83A-5426-4ECE-8A72-1DBE983F7602}.Release|Any CPU.ActiveCfg = Release|Any CPU
		{F0D0A83A-5426-4ECE-8A72-1DBE983F7602}.Release|Any CPU.Build.0 = Release|Any CPU
		{F0D0A83A-5426-4ECE-8A72-1DBE983F7602}.Release|x64.ActiveCfg = Release|Any CPU
		{F0D0A83A-5426-4ECE-8A72-1DBE983F7602}.Release|x64.Build.0 = Release|Any CPU
		{F0D0A83A-5426-4ECE-8A72-1DBE983F7602}.Release|x86.ActiveCfg = Release|Any CPU
		{F0D0A83A-5426-4ECE-8A72-1DBE983F7602}.Release|x86.Build.0 = Release|Any CPU
		{472E5F70-F780-436C-94C7-C1CB2B3DFFAB}.Debug|Any CPU.ActiveCfg = Debug|Any CPU
		{472E5F70-F780-436C-94C7-C1CB2B3DFFAB}.Debug|Any CPU.Build.0 = Debug|Any CPU
		{472E5F70-F780-436C-94C7-C1CB2B3DFFAB}.Debug|x64.ActiveCfg = Debug|Any CPU
		{472E5F70-F780-436C-94C7-C1CB2B3DFFAB}.Debug|x64.Build.0 = Debug|Any CPU
		{472E5F70-F780-436C-94C7-C1CB2B3DFFAB}.Debug|x86.ActiveCfg = Debug|Any CPU
		{472E5F70-F780-436C-94C7-C1CB2B3DFFAB}.Debug|x86.Build.0 = Debug|Any CPU
		{472E5F70-F780-436C-94C7-C1CB2B3DFFAB}.Release|Any CPU.ActiveCfg = Release|Any CPU
		{472E5F70-F780-436C-94C7-C1CB2B3DFFAB}.Release|Any CPU.Build.0 = Release|Any CPU
		{472E5F70-F780-436C-94C7-C1CB2B3DFFAB}.Release|x64.ActiveCfg = Release|Any CPU
		{472E5F70-F780-436C-94C7-C1CB2B3DFFAB}.Release|x64.Build.0 = Release|Any CPU
		{472E5F70-F780-436C-94C7-C1CB2B3DFFAB}.Release|x86.ActiveCfg = Release|Any CPU
		{472E5F70-F780-436C-94C7-C1CB2B3DFFAB}.Release|x86.Build.0 = Release|Any CPU
		{FF4CE2A4-97C5-4D1E-AED3-6DBB60678DFB}.Debug|Any CPU.ActiveCfg = Debug|Any CPU
		{FF4CE2A4-97C5-4D1E-AED3-6DBB60678DFB}.Debug|Any CPU.Build.0 = Debug|Any CPU
		{FF4CE2A4-97C5-4D1E-AED3-6DBB60678DFB}.Debug|x64.ActiveCfg = Debug|Any CPU
		{FF4CE2A4-97C5-4D1E-AED3-6DBB60678DFB}.Debug|x64.Build.0 = Debug|Any CPU
		{FF4CE2A4-97C5-4D1E-AED3-6DBB60678DFB}.Debug|x86.ActiveCfg = Debug|Any CPU
		{FF4CE2A4-97C5-4D1E-AED3-6DBB60678DFB}.Debug|x86.Build.0 = Debug|Any CPU
		{FF4CE2A4-97C5-4D1E-AED3-6DBB60678DFB}.Release|Any CPU.ActiveCfg = Release|Any CPU
		{FF4CE2A4-97C5-4D1E-AED3-6DBB60678DFB}.Release|Any CPU.Build.0 = Release|Any CPU
		{FF4CE2A4-97C5-4D1E-AED3-6DBB60678DFB}.Release|x64.ActiveCfg = Release|Any CPU
		{FF4CE2A4-97C5-4D1E-AED3-6DBB60678DFB}.Release|x64.Build.0 = Release|Any CPU
		{FF4CE2A4-97C5-4D1E-AED3-6DBB60678DFB}.Release|x86.ActiveCfg = Release|Any CPU
		{FF4CE2A4-97C5-4D1E-AED3-6DBB60678DFB}.Release|x86.Build.0 = Release|Any CPU
		{C1E9A531-4C0D-43C4-956A-3F5D1C5D7711}.Debug|Any CPU.ActiveCfg = Debug|Any CPU
		{C1E9A531-4C0D-43C4-956A-3F5D1C5D7711}.Debug|Any CPU.Build.0 = Debug|Any CPU
		{C1E9A531-4C0D-43C4-956A-3F5D1C5D7711}.Debug|x64.ActiveCfg = Debug|Any CPU
		{C1E9A531-4C0D-43C4-956A-3F5D1C5D7711}.Debug|x64.Build.0 = Debug|Any CPU
		{C1E9A531-4C0D-43C4-956A-3F5D1C5D7711}.Debug|x86.ActiveCfg = Debug|Any CPU
		{C1E9A531-4C0D-43C4-956A-3F5D1C5D7711}.Debug|x86.Build.0 = Debug|Any CPU
		{C1E9A531-4C0D-43C4-956A-3F5D1C5D7711}.Release|Any CPU.ActiveCfg = Release|Any CPU
		{C1E9A531-4C0D-43C4-956A-3F5D1C5D7711}.Release|Any CPU.Build.0 = Release|Any CPU
		{C1E9A531-4C0D-43C4-956A-3F5D1C5D7711}.Release|x64.ActiveCfg = Release|Any CPU
		{C1E9A531-4C0D-43C4-956A-3F5D1C5D7711}.Release|x64.Build.0 = Release|Any CPU
		{C1E9A531-4C0D-43C4-956A-3F5D1C5D7711}.Release|x86.ActiveCfg = Release|Any CPU
		{C1E9A531-4C0D-43C4-956A-3F5D1C5D7711}.Release|x86.Build.0 = Release|Any CPU
		{7E6FC15A-1A22-4FBC-8E6F-7B1D8D9D9C10}.Debug|Any CPU.ActiveCfg = Debug|Any CPU
		{7E6FC15A-1A22-4FBC-8E6F-7B1D8D9D9C10}.Debug|Any CPU.Build.0 = Debug|Any CPU
		{7E6FC15A-1A22-4FBC-8E6F-7B1D8D9D9C10}.Debug|x64.ActiveCfg = Debug|Any CPU
		{7E6FC15A-1A22-4FBC-8E6F-7B1D8D9D9C10}.Debug|x64.Build.0 = Debug|Any CPU
		{7E6FC15A-1A22-4FBC-8E6F-7B1D8D9D9C10}.Debug|x86.ActiveCfg = Debug|Any CPU
		{7E6FC15A-1A22-4FBC-8E6F-7B1D8D9D9C10}.Debug|x86.Build.0 = Debug|Any CPU
		{7E6FC15A-1A22-4FBC-8E6F-7B1D8D9D9C10}.Release|Any CPU.ActiveCfg = Release|Any CPU
		{7E6FC15A-1A22-4FBC-8E6F-7B1D8D9D9C10}.Release|Any CPU.Build.0 = Release|Any CPU
		{7E6FC15A-1A22-4FBC-8E6F-7B1D8D9D9C10}.Release|x64.ActiveCfg = Release|Any CPU
		{7E6FC15A-1A22-4FBC-8E6F-7B1D8D9D9C10}.Release|x64.Build.0 = Release|Any CPU
		{7E6FC15A-1A22-4FBC-8E6F-7B1D8D9D9C10}.Release|x86.ActiveCfg = Release|Any CPU
		{7E6FC15A-1A22-4FBC-8E6F-7B1D8D9D9C10}.Release|x86.Build.0 = Release|Any CPU
		{6019B12E-1C3F-4DD1-B6E8-30955D072459}.Debug|Any CPU.ActiveCfg = Debug|Any CPU
		{6019B12E-1C3F-4DD1-B6E8-30955D072459}.Debug|Any CPU.Build.0 = Debug|Any CPU
		{6019B12E-1C3F-4DD1-B6E8-30955D072459}.Debug|x64.ActiveCfg = Debug|Any CPU
		{6019B12E-1C3F-4DD1-B6E8-30955D072459}.Debug|x64.Build.0 = Debug|Any CPU
		{6019B12E-1C3F-4DD1-B6E8-30955D072459}.Debug|x86.ActiveCfg = Debug|Any CPU
		{6019B12E-1C3F-4DD1-B6E8-30955D072459}.Debug|x86.Build.0 = Debug|Any CPU
		{6019B12E-1C3F-4DD1-B6E8-30955D072459}.Release|Any CPU.ActiveCfg = Release|Any CPU
		{6019B12E-1C3F-4DD1-B6E8-30955D072459}.Release|Any CPU.Build.0 = Release|Any CPU
		{6019B12E-1C3F-4DD1-B6E8-30955D072459}.Release|x64.ActiveCfg = Release|Any CPU
		{6019B12E-1C3F-4DD1-B6E8-30955D072459}.Release|x64.Build.0 = Release|Any CPU
		{6019B12E-1C3F-4DD1-B6E8-30955D072459}.Release|x86.ActiveCfg = Release|Any CPU
		{6019B12E-1C3F-4DD1-B6E8-30955D072459}.Release|x86.Build.0 = Release|Any CPU
		{19662A55-BB16-40EA-9AE2-C0F1025BF5F8}.Debug|Any CPU.ActiveCfg = Debug|Any CPU
		{19662A55-BB16-40EA-9AE2-C0F1025BF5F8}.Debug|Any CPU.Build.0 = Debug|Any CPU
		{19662A55-BB16-40EA-9AE2-C0F1025BF5F8}.Debug|x64.ActiveCfg = Debug|Any CPU
		{19662A55-BB16-40EA-9AE2-C0F1025BF5F8}.Debug|x64.Build.0 = Debug|Any CPU
		{19662A55-BB16-40EA-9AE2-C0F1025BF5F8}.Debug|x86.ActiveCfg = Debug|Any CPU
		{19662A55-BB16-40EA-9AE2-C0F1025BF5F8}.Debug|x86.Build.0 = Debug|Any CPU
		{19662A55-BB16-40EA-9AE2-C0F1025BF5F8}.Release|Any CPU.ActiveCfg = Release|Any CPU
		{19662A55-BB16-40EA-9AE2-C0F1025BF5F8}.Release|Any CPU.Build.0 = Release|Any CPU
		{19662A55-BB16-40EA-9AE2-C0F1025BF5F8}.Release|x64.ActiveCfg = Release|Any CPU
		{19662A55-BB16-40EA-9AE2-C0F1025BF5F8}.Release|x64.Build.0 = Release|Any CPU
		{19662A55-BB16-40EA-9AE2-C0F1025BF5F8}.Release|x86.ActiveCfg = Release|Any CPU
		{19662A55-BB16-40EA-9AE2-C0F1025BF5F8}.Release|x86.Build.0 = Release|Any CPU
		{CBE230A1-0895-4D75-AFEE-30B98858AE8D}.Debug|Any CPU.ActiveCfg = Debug|Any CPU
		{CBE230A1-0895-4D75-AFEE-30B98858AE8D}.Debug|Any CPU.Build.0 = Debug|Any CPU
		{CBE230A1-0895-4D75-AFEE-30B98858AE8D}.Debug|x64.ActiveCfg = Debug|Any CPU
		{CBE230A1-0895-4D75-AFEE-30B98858AE8D}.Debug|x64.Build.0 = Debug|Any CPU
		{CBE230A1-0895-4D75-AFEE-30B98858AE8D}.Debug|x86.ActiveCfg = Debug|Any CPU
		{CBE230A1-0895-4D75-AFEE-30B98858AE8D}.Debug|x86.Build.0 = Debug|Any CPU
		{CBE230A1-0895-4D75-AFEE-30B98858AE8D}.Release|Any CPU.ActiveCfg = Release|Any CPU
		{CBE230A1-0895-4D75-AFEE-30B98858AE8D}.Release|Any CPU.Build.0 = Release|Any CPU
		{CBE230A1-0895-4D75-AFEE-30B98858AE8D}.Release|x64.ActiveCfg = Release|Any CPU
		{CBE230A1-0895-4D75-AFEE-30B98858AE8D}.Release|x64.Build.0 = Release|Any CPU
		{CBE230A1-0895-4D75-AFEE-30B98858AE8D}.Release|x86.ActiveCfg = Release|Any CPU
		{CBE230A1-0895-4D75-AFEE-30B98858AE8D}.Release|x86.Build.0 = Release|Any CPU
		{55983E3C-FB88-4DC2-B691-6A786313E046}.Debug|Any CPU.ActiveCfg = Debug|Any CPU
		{55983E3C-FB88-4DC2-B691-6A786313E046}.Debug|Any CPU.Build.0 = Debug|Any CPU
		{55983E3C-FB88-4DC2-B691-6A786313E046}.Debug|x64.ActiveCfg = Debug|Any CPU
		{55983E3C-FB88-4DC2-B691-6A786313E046}.Debug|x64.Build.0 = Debug|Any CPU
		{55983E3C-FB88-4DC2-B691-6A786313E046}.Debug|x86.ActiveCfg = Debug|Any CPU
		{55983E3C-FB88-4DC2-B691-6A786313E046}.Debug|x86.Build.0 = Debug|Any CPU
		{55983E3C-FB88-4DC2-B691-6A786313E046}.Release|Any CPU.ActiveCfg = Release|Any CPU
		{55983E3C-FB88-4DC2-B691-6A786313E046}.Release|Any CPU.Build.0 = Release|Any CPU
		{55983E3C-FB88-4DC2-B691-6A786313E046}.Release|x64.ActiveCfg = Release|Any CPU
		{55983E3C-FB88-4DC2-B691-6A786313E046}.Release|x64.Build.0 = Release|Any CPU
		{55983E3C-FB88-4DC2-B691-6A786313E046}.Release|x86.ActiveCfg = Release|Any CPU
		{55983E3C-FB88-4DC2-B691-6A786313E046}.Release|x86.Build.0 = Release|Any CPU
		{F472E428-B45B-4F4B-B08D-80323D746E0F}.Debug|Any CPU.ActiveCfg = Debug|Any CPU
		{F472E428-B45B-4F4B-B08D-80323D746E0F}.Debug|Any CPU.Build.0 = Debug|Any CPU
		{F472E428-B45B-4F4B-B08D-80323D746E0F}.Debug|x64.ActiveCfg = Debug|Any CPU
		{F472E428-B45B-4F4B-B08D-80323D746E0F}.Debug|x64.Build.0 = Debug|Any CPU
		{F472E428-B45B-4F4B-B08D-80323D746E0F}.Debug|x86.ActiveCfg = Debug|Any CPU
		{F472E428-B45B-4F4B-B08D-80323D746E0F}.Debug|x86.Build.0 = Debug|Any CPU
		{F472E428-B45B-4F4B-B08D-80323D746E0F}.Release|Any CPU.ActiveCfg = Release|Any CPU
		{F472E428-B45B-4F4B-B08D-80323D746E0F}.Release|Any CPU.Build.0 = Release|Any CPU
		{F472E428-B45B-4F4B-B08D-80323D746E0F}.Release|x64.ActiveCfg = Release|Any CPU
		{F472E428-B45B-4F4B-B08D-80323D746E0F}.Release|x64.Build.0 = Release|Any CPU
		{F472E428-B45B-4F4B-B08D-80323D746E0F}.Release|x86.ActiveCfg = Release|Any CPU
		{F472E428-B45B-4F4B-B08D-80323D746E0F}.Release|x86.Build.0 = Release|Any CPU
		{A0C9FAD4-03E1-46E1-85C4-1DA1DA4478B4}.Debug|Any CPU.ActiveCfg = Debug|Any CPU
		{A0C9FAD4-03E1-46E1-85C4-1DA1DA4478B4}.Debug|Any CPU.Build.0 = Debug|Any CPU
		{A0C9FAD4-03E1-46E1-85C4-1DA1DA4478B4}.Debug|x64.ActiveCfg = Debug|Any CPU
		{A0C9FAD4-03E1-46E1-85C4-1DA1DA4478B4}.Debug|x64.Build.0 = Debug|Any CPU
		{A0C9FAD4-03E1-46E1-85C4-1DA1DA4478B4}.Debug|x86.ActiveCfg = Debug|Any CPU
		{A0C9FAD4-03E1-46E1-85C4-1DA1DA4478B4}.Debug|x86.Build.0 = Debug|Any CPU
		{A0C9FAD4-03E1-46E1-85C4-1DA1DA4478B4}.Release|Any CPU.ActiveCfg = Release|Any CPU
		{A0C9FAD4-03E1-46E1-85C4-1DA1DA4478B4}.Release|Any CPU.Build.0 = Release|Any CPU
		{A0C9FAD4-03E1-46E1-85C4-1DA1DA4478B4}.Release|x64.ActiveCfg = Release|Any CPU
		{A0C9FAD4-03E1-46E1-85C4-1DA1DA4478B4}.Release|x64.Build.0 = Release|Any CPU
		{A0C9FAD4-03E1-46E1-85C4-1DA1DA4478B4}.Release|x86.ActiveCfg = Release|Any CPU
		{A0C9FAD4-03E1-46E1-85C4-1DA1DA4478B4}.Release|x86.Build.0 = Release|Any CPU
		{74D6B94A-4093-4F42-978E-A8D0A37C05C1}.Debug|Any CPU.ActiveCfg = Debug|Any CPU
		{74D6B94A-4093-4F42-978E-A8D0A37C05C1}.Debug|Any CPU.Build.0 = Debug|Any CPU
		{74D6B94A-4093-4F42-978E-A8D0A37C05C1}.Debug|x64.ActiveCfg = Debug|Any CPU
		{74D6B94A-4093-4F42-978E-A8D0A37C05C1}.Debug|x64.Build.0 = Debug|Any CPU
		{74D6B94A-4093-4F42-978E-A8D0A37C05C1}.Debug|x86.ActiveCfg = Debug|Any CPU
		{74D6B94A-4093-4F42-978E-A8D0A37C05C1}.Debug|x86.Build.0 = Debug|Any CPU
		{74D6B94A-4093-4F42-978E-A8D0A37C05C1}.Release|Any CPU.ActiveCfg = Release|Any CPU
		{74D6B94A-4093-4F42-978E-A8D0A37C05C1}.Release|Any CPU.Build.0 = Release|Any CPU
		{74D6B94A-4093-4F42-978E-A8D0A37C05C1}.Release|x64.ActiveCfg = Release|Any CPU
		{74D6B94A-4093-4F42-978E-A8D0A37C05C1}.Release|x64.Build.0 = Release|Any CPU
		{74D6B94A-4093-4F42-978E-A8D0A37C05C1}.Release|x86.ActiveCfg = Release|Any CPU
		{74D6B94A-4093-4F42-978E-A8D0A37C05C1}.Release|x86.Build.0 = Release|Any CPU
		{30FF03F3-78EB-4BCC-A9E5-64A9AC31D368}.Debug|Any CPU.ActiveCfg = Debug|Any CPU
		{30FF03F3-78EB-4BCC-A9E5-64A9AC31D368}.Debug|Any CPU.Build.0 = Debug|Any CPU
		{30FF03F3-78EB-4BCC-A9E5-64A9AC31D368}.Debug|x64.ActiveCfg = Debug|Any CPU
		{30FF03F3-78EB-4BCC-A9E5-64A9AC31D368}.Debug|x64.Build.0 = Debug|Any CPU
		{30FF03F3-78EB-4BCC-A9E5-64A9AC31D368}.Debug|x86.ActiveCfg = Debug|Any CPU
		{30FF03F3-78EB-4BCC-A9E5-64A9AC31D368}.Debug|x86.Build.0 = Debug|Any CPU
		{30FF03F3-78EB-4BCC-A9E5-64A9AC31D368}.Release|Any CPU.ActiveCfg = Release|Any CPU
		{30FF03F3-78EB-4BCC-A9E5-64A9AC31D368}.Release|Any CPU.Build.0 = Release|Any CPU
		{30FF03F3-78EB-4BCC-A9E5-64A9AC31D368}.Release|x64.ActiveCfg = Release|Any CPU
		{30FF03F3-78EB-4BCC-A9E5-64A9AC31D368}.Release|x64.Build.0 = Release|Any CPU
		{30FF03F3-78EB-4BCC-A9E5-64A9AC31D368}.Release|x86.ActiveCfg = Release|Any CPU
		{30FF03F3-78EB-4BCC-A9E5-64A9AC31D368}.Release|x86.Build.0 = Release|Any CPU
	EndGlobalSection
	GlobalSection(SolutionProperties) = preSolution
		HideSolutionNode = FALSE
	EndGlobalSection
	GlobalSection(NestedProjects) = preSolution
		{96C72651-DC28-474B-ADBE-A6C135B2958C} = {4BA473AE-AAF5-467B-9C6F-98151D2C2D44}
		{BB2910CB-9223-4A00-BB37-9AE69181D39B} = {4BA473AE-AAF5-467B-9C6F-98151D2C2D44}
		{E9B5EC7F-C11E-4012-B21B-388A1AD9B234} = {4BA473AE-AAF5-467B-9C6F-98151D2C2D44}
		{2D62965C-C36B-4EB8-BFE9-20EB6B23AEF5} = {4BA473AE-AAF5-467B-9C6F-98151D2C2D44}
		{C9131552-2AC8-44F6-BE8D-17F223D0F5E1} = {4BA473AE-AAF5-467B-9C6F-98151D2C2D44}
		{8EC7614A-6D41-4752-BC17-6858811C2B48} = {4BA473AE-AAF5-467B-9C6F-98151D2C2D44}
		{425659EC-721E-463D-85E4-764273695F21} = {AAF8E491-F193-4C07-8669-9F3F823ED378}
		{23B12913-7D75-46A6-A36B-F3755A1102BD} = {AAF8E491-F193-4C07-8669-9F3F823ED378}
		{F248B3EE-1C18-48CF-89C4-72D3F93F2C57} = {AAF8E491-F193-4C07-8669-9F3F823ED378}
		{9A205930-936F-4480-8F12-D241E5E08674} = {4BA473AE-AAF5-467B-9C6F-98151D2C2D44}
		{8D385437-C4D8-4F7B-972F-238072F55C2D} = {07C2787E-EAC7-C090-1BA3-A61EC2A24D84}
		{22E144A6-4993-443C-98F3-C0EA79686C44} = {4BA473AE-AAF5-467B-9C6F-98151D2C2D44}
		{DBA91BCB-67AE-4914-9043-9739E67D10F0} = {4BA473AE-AAF5-467B-9C6F-98151D2C2D44}
		{1F046E60-3DCD-4544-89B1-8DC5DC6D9D64} = {4BA473AE-AAF5-467B-9C6F-98151D2C2D44}
		{66E0AA11-C72F-45F7-B641-40D4B7B670E4} = {AAF8E491-F193-4C07-8669-9F3F823ED378}
		{D973C84B-E92D-4510-AAD3-A85C3DE33264} = {4BA473AE-AAF5-467B-9C6F-98151D2C2D44}
		{7905DCA0-9A66-4E92-BD13-482A362CE1DB} = {4BA473AE-AAF5-467B-9C6F-98151D2C2D44}
		{80D4F5D8-EBF3-4F63-A0F3-BC3A9DF8EA75} = {4BA473AE-AAF5-467B-9C6F-98151D2C2D44}
		{6F71AA13-2A09-41FC-B799-3E297D5DF458} = {4BA473AE-AAF5-467B-9C6F-98151D2C2D44}
		{339FAF51-D4AE-4C1C-ABB4-8893D761807E} = {AAF8E491-F193-4C07-8669-9F3F823ED378}
		{33FCE6B8-C1B1-4037-B0FE-F6CD61F4631C} = {AAF8E491-F193-4C07-8669-9F3F823ED378}
		{A1B2C3D4-E5F6-7890-ABCD-EF1234567890} = {4BA473AE-AAF5-467B-9C6F-98151D2C2D44}
		{B2C3D4E5-F6A7-8901-BCDE-F12345678901} = {AAF8E491-F193-4C07-8669-9F3F823ED378}
		{1B8D8B1F-1392-49D8-9B05-48533D76AB9B} = {4BA473AE-AAF5-467B-9C6F-98151D2C2D44}
		{F979C56E-DD47-4FCF-9D46-FD48205B6B29} = {4BA473AE-AAF5-467B-9C6F-98151D2C2D44}
		{D4FBF0DC-342B-4787-B63F-F6F6C82B5A6C} = {4BA473AE-AAF5-467B-9C6F-98151D2C2D44}
		{A24C5177-37C8-42A5-8CF6-21CB22BC6F13} = {4BA473AE-AAF5-467B-9C6F-98151D2C2D44}
		{85F30612-A5C3-4840-BE81-634116C853C6} = {4BA473AE-AAF5-467B-9C6F-98151D2C2D44}
		{00D10920-0AAC-4067-80F3-29022DCC6C02} = {5D20AA90-6969-D8BD-9DCD-8634F4692FDA}
		{B16D1A11-493A-4E3D-A8D1-33E694A1BF76} = {5D20AA90-6969-D8BD-9DCD-8634F4692FDA}
		{65694E8F-DBFF-4626-9280-3287FFD13A91} = {4BA473AE-AAF5-467B-9C6F-98151D2C2D44}
		{436323F0-8166-4BD6-9FC7-17389546A031} = {AAF8E491-F193-4C07-8669-9F3F823ED378}
		{F0D0A83A-5426-4ECE-8A72-1DBE983F7602} = {4BA473AE-AAF5-467B-9C6F-98151D2C2D44}
		{472E5F70-F780-436C-94C7-C1CB2B3DFFAB} = {AAF8E491-F193-4C07-8669-9F3F823ED378}
		{FF4CE2A4-97C5-4D1E-AED3-6DBB60678DFB} = {4BA473AE-AAF5-467B-9C6F-98151D2C2D44}
		{C1E9A531-4C0D-43C4-956A-3F5D1C5D7711} = {4BA473AE-AAF5-467B-9C6F-98151D2C2D44}
		{7E6FC15A-1A22-4FBC-8E6F-7B1D8D9D9C10} = {AAF8E491-F193-4C07-8669-9F3F823ED378}
		{6019B12E-1C3F-4DD1-B6E8-30955D072459} = {4BA473AE-AAF5-467B-9C6F-98151D2C2D44}
		{19662A55-BB16-40EA-9AE2-C0F1025BF5F8} = {4BA473AE-AAF5-467B-9C6F-98151D2C2D44}
		{CBE230A1-0895-4D75-AFEE-30B98858AE8D} = {AAF8E491-F193-4C07-8669-9F3F823ED378}
		{55983E3C-FB88-4DC2-B691-6A786313E046} = {4BA473AE-AAF5-467B-9C6F-98151D2C2D44}
		{F472E428-B45B-4F4B-B08D-80323D746E0F} = {5D20AA90-6969-D8BD-9DCD-8634F4692FDA}
		{A0C9FAD4-03E1-46E1-85C4-1DA1DA4478B4} = {5D20AA90-6969-D8BD-9DCD-8634F4692FDA}
		{74D6B94A-4093-4F42-978E-A8D0A37C05C1} = {07C2787E-EAC7-C090-1BA3-A61EC2A24D84}
		{30FF03F3-78EB-4BCC-A9E5-64A9AC31D368} = {4BA473AE-AAF5-467B-9C6F-98151D2C2D44}
	EndGlobalSection
EndGlobal
