{
  "version": 1,
  "dependencies": {
    "net10.0": {
      "AWSSDK.S3": {
        "type": "Direct",
        "requested": "[4.0.102.4, )",
        "resolved": "4.0.102.4",
        "contentHash": "rfUhmzlQifO7Uk3AErPweV1FbwZYI+OuogPjfS/7mbVKVWCYYCLkkLozh2mS/qaHPNGPGFeSFAR1NbWnQyd2pQ==",
        "dependencies": {
          "AWSSDK.Core": "[4.0.102.1, 5.0.0)"
        }
      },
      "AWSSDK.Core": {
        "type": "Transitive",
        "resolved": "4.0.102.1",
        "contentHash": "vsf+/o+S/euH/wG7bO1cha+OWaHvjgvpDeGFO6l3Vcdio9GlSfXkZDD2BogMuAJ+/jDyqqSgqmYVolPKV9ie/A=="
      },
      "AWSSDK.DynamoDBv2": {
        "type": "Transitive",
        "resolved": "4.0.103.5",
        "contentHash": "mBueFVl4gl29uUuwK/cOclvESGLR7U2TuyVXuGjDi2afAGOS+7RlxK1Vn9eCYglFVpkz7aZs4IPDyXJRmy/nXg==",
        "dependencies": {
          "AWSSDK.Core": "[4.0.102.1, 5.0.0)"
        }
      },
      "AWSSDK.Signin": {
        "type": "Transitive",
        "resolved": "4.0.101.8",
        "contentHash": "vhTBFe4accdDlaR6mjovY50C28WBC2XKT7aUf0aUBV7yLoD53yqXwWVfgzJbaPrAB7tVYVGbbyumBmgVI83KkA==",
        "dependencies": {
          "BouncyCastle.Cryptography": "2.6.2"
        }
      },
      "BouncyCastle.Cryptography": {
        "type": "Transitive",
        "resolved": "2.6.2",
        "contentHash": "7oWOcvnntmMKNzDLsdxAYqApt+AjpRpP2CShjMfIa3umZ42UQMvH0tl1qAliYPNYO6vTdcGMqnRrCPmsfzTI1w=="
      },
      "System.Numerics.Tensors": {
        "type": "Transitive",
        "resolved": "10.0.11",
        "contentHash": "4jNNt67NhCqf3bf2FN0mrsC+EH60L7Sny6poqVeiviB27Kw7TQzMmgn8HIaPc8E9EcuGusUyfeu21gLfzcBpDA=="
      },
      "vyral.abstractions": {
        "type": "Project",
        "dependencies": {
          "Vyral.Primitives": "[0.2.0, )"
        }
      },
      "vyral.aws": {
        "type": "Project",
        "dependencies": {
          "AWSSDK.DynamoDBv2": "[4.0.103.5, )",
          "AWSSDK.S3": "[4.0.102.4, )",
          "AWSSDK.Signin": "[4.0.101.8, )",
          "System.Numerics.Tensors": "[10.0.11, )",
          "Vyral.Abstractions": "[0.3.0, )"
        }
      },
      "vyral.primitives": {
        "type": "Project"
      }
    }
  }
}