{
  "version": 1,
  "dependencies": {
    "net10.0": {
      "AWSSDK.DynamoDBv2": {
        "type": "Direct",
        "requested": "[4.0.103.4, )",
        "resolved": "4.0.103.4",
        "contentHash": "uXH67JhaTnD64vnX6DfNsRk/KSCdw9npdhsreWi33MZE0pdzr6KDj5m6iWsd+PDkI1tAjB7ht2S20rwdwhuppA==",
        "dependencies": {
          "AWSSDK.Core": "[4.0.102, 5.0.0)"
        }
      },
      "AWSSDK.S3": {
        "type": "Direct",
        "requested": "[4.0.102.3, )",
        "resolved": "4.0.102.3",
        "contentHash": "3UBPFahEW62lNqHutA94if/9YguOXswDkz+CMh8fo3qCl7PUdynwSEvE0rhHnRPok0rDkDEDpwddfk7h8Mg0gw==",
        "dependencies": {
          "AWSSDK.Core": "[4.0.102, 5.0.0)"
        }
      },
      "AWSSDK.Signin": {
        "type": "Direct",
        "requested": "[4.0.101.7, )",
        "resolved": "4.0.101.7",
        "contentHash": "TcmZZ9fQVjfuhnCKs1r/DUN5jDkKH7AOwLv7GOv8Jlx2j81iviOhN5SGyiyJwLR5hJGVHiYsDIgGUHIyWuKLOQ==",
        "dependencies": {
          "BouncyCastle.Cryptography": "2.6.2"
        }
      },
      "System.Numerics.Tensors": {
        "type": "Direct",
        "requested": "[10.0.11, )",
        "resolved": "10.0.11",
        "contentHash": "4jNNt67NhCqf3bf2FN0mrsC+EH60L7Sny6poqVeiviB27Kw7TQzMmgn8HIaPc8E9EcuGusUyfeu21gLfzcBpDA=="
      },
      "AWSSDK.Core": {
        "type": "Transitive",
        "resolved": "4.0.102",
        "contentHash": "sjkYreyNPlYTnAxdnqd3MBoeTNZHXOzV9lKULS5VAn+6MJIqu87aZLlm56KhDANOBXRxwDJIW668ZlsFhaB6Zw=="
      },
      "BouncyCastle.Cryptography": {
        "type": "Transitive",
        "resolved": "2.6.2",
        "contentHash": "7oWOcvnntmMKNzDLsdxAYqApt+AjpRpP2CShjMfIa3umZ42UQMvH0tl1qAliYPNYO6vTdcGMqnRrCPmsfzTI1w=="
      },
      "vyral.abstractions": {
        "type": "Project",
        "dependencies": {
          "Vyral.Primitives": "[0.2.0, )"
        }
      },
      "vyral.primitives": {
        "type": "Project"
      }
    }
  }
}