{
  "version": 1,
  "dependencies": {
    "net10.0": {
      "AWSSDK.DynamoDBv2": {
        "type": "Direct",
        "requested": "[4.0.103.1, )",
        "resolved": "4.0.103.1",
        "contentHash": "lWjDWid4uPdgi1b5dARsvvsFDUmgJf+uAnInD3yGSdNXZoEPd2nDZfVTKFxi9ny4BdlmV4znmVFf2uQoqPPIfg==",
        "dependencies": {
          "AWSSDK.Core": "[4.0.101, 5.0.0)"
        }
      },
      "AWSSDK.S3": {
        "type": "Direct",
        "requested": "[4.0.102.1, )",
        "resolved": "4.0.102.1",
        "contentHash": "zGP3FW4D0wfbmYxoOWgNoPcwoA8E+kWH6KezOBPiLpAOi3l4cygFF15jiWdma6R7D+M9qu3DzdpWq/VlyIJX+Q==",
        "dependencies": {
          "AWSSDK.Core": "[4.0.101, 5.0.0)"
        }
      },
      "AWSSDK.Signin": {
        "type": "Direct",
        "requested": "[4.0.101.5, )",
        "resolved": "4.0.101.5",
        "contentHash": "+XVnd+4efxEkdC74RTdHmxwJ2VhyPLT5TeGBoDTQ8LSQXYTfsN4Q2JWcS/ZAw151xjS5W89+i8FyvCM8Z7zGQg==",
        "dependencies": {
          "BouncyCastle.Cryptography": "2.6.2"
        }
      },
      "System.Numerics.Tensors": {
        "type": "Direct",
        "requested": "[10.0.11, )",
        "resolved": "10.0.11",
        "contentHash": "4jNNt67NhCqf3bf2FN0mrsC+EH60L7Sny6poqVeiviB27Kw7TQzMmgn8HIaPc8E9EcuGusUyfeu21gLfzcBpDA=="
      },
      "AWSSDK.Core": {
        "type": "Transitive",
        "resolved": "4.0.101",
        "contentHash": "7Q0z0fLpy+w6h4G5z/qZ6PYGzZ0DgYjYkVdGMnhtjkgQaKX+Sjm0YxfFxFILRewxC4o6wwnrbvwaSj41LgRRfg=="
      },
      "BouncyCastle.Cryptography": {
        "type": "Transitive",
        "resolved": "2.6.2",
        "contentHash": "7oWOcvnntmMKNzDLsdxAYqApt+AjpRpP2CShjMfIa3umZ42UQMvH0tl1qAliYPNYO6vTdcGMqnRrCPmsfzTI1w=="
      },
      "vyral.abstractions": {
        "type": "Project",
        "dependencies": {
          "Vyral.Primitives": "[0.2.0, )"
        }
      },
      "vyral.primitives": {
        "type": "Project"
      }
    }
  }
}