{
  "version": 1,
  "dependencies": {
    "net10.0": {
      "Microsoft.Azure.Functions.Worker": {
        "type": "Direct",
        "requested": "[2.52.0, )",
        "resolved": "2.52.0",
        "contentHash": "yXw128fTSLm6fHMCKqItM9qxf/X6y4ICbTaRdbEWnHj7ppXV5xK87yEzgsOoPd/rCHpVR4IWPy05yBvN/bcmvQ==",
        "dependencies": {
          "Microsoft.Azure.Functions.Worker.Core": "2.52.0",
          "Microsoft.Azure.Functions.Worker.Grpc": "2.52.0"
        }
      },
      "Microsoft.Azure.Functions.Worker.Extensions.DurableTask": {
        "type": "Direct",
        "requested": "[1.18.0, )",
        "resolved": "1.18.0",
        "contentHash": "Y8xSOFJ8m+PYAixnvJJuPj2O4d7SYc10Bkm4gh4cnt3QXCozKRVvbcpwVJKI8uG/qioVPY/Kel71aY/tqk/1cQ==",
        "dependencies": {
          "Grpc.Net.Client": "2.76.0",
          "Microsoft.Azure.Functions.Worker.Core": "2.51.0",
          "Microsoft.Azure.Functions.Worker.Extensions.Abstractions": "1.3.0",
          "Microsoft.Bcl.Memory": "10.0.5",
          "Microsoft.DurableTask.Analyzers": "0.2.0",
          "Microsoft.DurableTask.Client.Grpc": "1.24.1",
          "Microsoft.DurableTask.Worker.Grpc": "1.24.1"
        }
      },
      "Microsoft.Azure.Functions.Worker.Extensions.Http.AspNetCore": {
        "type": "Direct",
        "requested": "[2.1.1, )",
        "resolved": "2.1.1",
        "contentHash": "GrgsfLuJOlWGPVY3liqlZn9ZqQEI2/2h5jyNUqfvEanRq3hAw5PzzOdMED+iBCSDHZ33zOJjCEb+HJX5aOS0wg==",
        "dependencies": {
          "Microsoft.Azure.Functions.Worker": "2.1.0",
          "Microsoft.Azure.Functions.Worker.Extensions.Abstractions": "1.3.0",
          "Microsoft.Azure.Functions.Worker.Extensions.Http": "3.3.0",
          "Microsoft.Azure.Functions.Worker.Extensions.Http.AspNetCore.Analyzers": "1.0.4"
        }
      },
      "Microsoft.Azure.Functions.Worker.Sdk": {
        "type": "Direct",
        "requested": "[2.1.0, )",
        "resolved": "2.1.0",
        "contentHash": "qjp2ZADEQErBB2GFVnCYj+n5WuzIFcG2sq/DWn/twt9BycjHQmMTjwVCbSE1wsFBCVv6nQ2TlAiqWlmjokwUjA==",
        "dependencies": {
          "Microsoft.Azure.Functions.Worker.Sdk.Analyzers": "1.2.2",
          "Microsoft.Azure.Functions.Worker.Sdk.Generators": "1.4.0"
        }
      },
      "Azure.Core": {
        "type": "Transitive",
        "resolved": "1.55.0",
        "contentHash": "c7femvYS/xEUrLP1sNZN+DoQZmx3X+G3ZXtOOz0RL/7cGMCM3JVqepVmRd3AwM4IK8AtTGS4GOigCO+d/zaSsQ==",
        "dependencies": {
          "Microsoft.Bcl.AsyncInterfaces": "10.0.3",
          "Microsoft.Identity.Client": "4.83.1",
          "Microsoft.Identity.Client.Extensions.Msal": "4.83.1",
          "System.ClientModel": "1.11.0",
          "System.Memory.Data": "10.0.3"
        }
      },
      "Azure.Storage.Blobs": {
        "type": "Transitive",
        "resolved": "12.29.1",
        "contentHash": "pWh7xZBto8YcwiO853AB3uijTfVqs9PDte0Bu9/Zd8O9nwKiitWm0Jej1vsNkmYUzeG1552f8vJPjmtW30pBUQ==",
        "dependencies": {
          "Azure.Core": "1.55.0",
          "Azure.Storage.Common": "12.28.0"
        }
      },
      "Azure.Storage.Common": {
        "type": "Transitive",
        "resolved": "12.28.0",
        "contentHash": "5l8YhNrks38zKLGFW2BBFLwieyamH/xauABSASsdpZv79G0f+n2n22IjkRmUqCmALSupkwRHh2LOhbW3yj5Qgw==",
        "dependencies": {
          "Azure.Core": "1.55.0",
          "System.IO.Hashing": "10.0.3"
        }
      },
      "Castle.Core": {
        "type": "Transitive",
        "resolved": "5.2.1",
        "contentHash": "wHARzQA695jwwKreOzNsq54KiGqKP38tv8hi8e2FXDEC/sA6BtrX90tVPDkOfVu13PbEzr00TCV8coikl+D1Iw=="
      },
      "Google.Protobuf": {
        "type": "Transitive",
        "resolved": "3.33.5",
        "contentHash": "XEzLpCTosZb5I6eGSPn7rAES0VfkJkn3Cqydh0W39POdZwkdhPhOmAROTFJF9g0ardst4ulNXRm/q/iXwNu+Qw=="
      },
      "Grpc.Core.Api": {
        "type": "Transitive",
        "resolved": "2.76.0",
        "contentHash": "cSxC2tdnFdXXuBgIn1pjc4YBx7LXTCp4M0qn+SMBS35VWZY+cEQYLWTBDDhdBH1HzU7BV+ncVZlniGQHMpRJKQ=="
      },
      "Grpc.Net.Client": {
        "type": "Transitive",
        "resolved": "2.76.0",
        "contentHash": "K1oldmqw2+Gn69nGRzZLhqSiUZwelX1GrBu/cUl9wNf1C0uB61vFS6JcxUUv9P8VoUJhFsmV44JA6lI2EUt4xw==",
        "dependencies": {
          "Grpc.Net.Common": "2.76.0"
        }
      },
      "Grpc.Net.ClientFactory": {
        "type": "Transitive",
        "resolved": "2.65.0",
        "contentHash": "iVJ8/uoaPccipMeyD0uwpbX6lRhFEo4aLJmGhLsdigQWi1tDdf/PHfRNZudX3lqZGuqyxl+wC2CfuApIIKPMhg==",
        "dependencies": {
          "Grpc.Net.Client": "2.65.0"
        }
      },
      "Grpc.Net.Common": {
        "type": "Transitive",
        "resolved": "2.76.0",
        "contentHash": "bZpiMVYgvpB44/wBh1RotrkqC7bg2FOasLri2GhR3hMKyzsiTxCoDE49YjPrJeFc4RW0wS8u+EInI09sjxVFRA==",
        "dependencies": {
          "Grpc.Core.Api": "2.76.0"
        }
      },
      "Microsoft.Azure.Cosmos": {
        "type": "Transitive",
        "resolved": "3.62.1",
        "contentHash": "1jNOGwdtwHjk40zfxPv3dhwpqX7Ilex1PUuCPYDEMBAa3Y7HZS5GxoXbzGR+uxVJc4XKwFH9ZWkSLgswCgXlYQ==",
        "dependencies": {
          "Azure.Core": "1.44.1",
          "Microsoft.Bcl.AsyncInterfaces": "6.0.0",
          "Microsoft.Bcl.HashCode": "1.1.0",
          "System.Configuration.ConfigurationManager": "6.0.0"
        }
      },
      "Microsoft.Azure.DurableTask.Core": {
        "type": "Transitive",
        "resolved": "3.8.0",
        "contentHash": "59lnjA0e/X8yqwYGlHvzdmhU0+cB0SuNh0cMq/xgH0PRMP+XEwLZQQVKgHAzCmdsVgwzYg64KwqE1SJRRMkp0w==",
        "dependencies": {
          "Castle.Core": "5.2.1",
          "Newtonsoft.Json": "13.0.1",
          "System.Reactive.Compatibility": "4.4.1",
          "System.Reactive.Core": "4.4.1"
        }
      },
      "Microsoft.Azure.Functions.Worker.Core": {
        "type": "Transitive",
        "resolved": "2.52.0",
        "contentHash": "VCn3dZK2OxnRxLv6DO/uIQdXzOfaxyPJKyfkfO5ZLb3qA3QlcQZNk/heSWsvE1sqIb1HpVMvN5QadjiX1o7qhA==",
        "dependencies": {
          "Azure.Core": "1.44.1"
        }
      },
      "Microsoft.Azure.Functions.Worker.Extensions.Abstractions": {
        "type": "Transitive",
        "resolved": "1.3.0",
        "contentHash": "+6+/Yb/ouWUweaSQhesbbiIVSmwYEzkSfjIHrBnNqIiCYnx2iLeoYyWjN/wHP3Fnn5COtyDXRDwHKr5A/tCL9Q=="
      },
      "Microsoft.Azure.Functions.Worker.Extensions.Http": {
        "type": "Transitive",
        "resolved": "3.3.0",
        "contentHash": "a1W5bpOQCrYP0kbSJUFrK6PYeQAfg3UXQR+kPdt1YLvWrc/JTaNWyOA1DRKGrvRRo87xSM9NdFZuDULEMAxl4Q==",
        "dependencies": {
          "Microsoft.Azure.Functions.Worker.Core": "1.19.0",
          "Microsoft.Azure.Functions.Worker.Extensions.Abstractions": "1.3.0"
        }
      },
      "Microsoft.Azure.Functions.Worker.Extensions.Http.AspNetCore.Analyzers": {
        "type": "Transitive",
        "resolved": "1.0.4",
        "contentHash": "wwuRuxDEh+N8x8uhT3QQs7Due2Q/TRDcSnNeWfX8ldX8lxLKPYjgUwvTLKC7ioHqUfFFEGHLiRMJUh6Jppeamg=="
      },
      "Microsoft.Azure.Functions.Worker.Grpc": {
        "type": "Transitive",
        "resolved": "2.52.0",
        "contentHash": "VsSYM6JGpfcBfcZ2MrkJqIcHZJ1PBUa1RBm7/37T7luluH0CHqFeNd4BrJk4uf+zyueYD49EcTo3ePmBGUIKgg==",
        "dependencies": {
          "Google.Protobuf": "3.28.0",
          "Grpc.Net.ClientFactory": "2.65.0",
          "Microsoft.Azure.Functions.Worker.Core": "2.52.0",
          "Microsoft.Azure.Functions.Worker.Extensions.Abstractions": "1.3.0"
        }
      },
      "Microsoft.Azure.Functions.Worker.Sdk.Analyzers": {
        "type": "Transitive",
        "resolved": "1.2.2",
        "contentHash": "v+GWIfC2Or3nxriew6JLT0yRGmhqYI84ALLqbQSyj/j9Z6ZQi2dh9iO9i3jmHAqiVFmIC2Aing/0eYQ0pObU4w=="
      },
      "Microsoft.Azure.Functions.Worker.Sdk.Generators": {
        "type": "Transitive",
        "resolved": "1.4.0",
        "contentHash": "HDUsB9QPTDv12i6yUkGl/8rKVcRE+O2y5+Vuk5GnKbqmi6sNS4QGsBFEVB/advjktJmuynllB4aS0HKhAOgifw=="
      },
      "Microsoft.Bcl.AsyncInterfaces": {
        "type": "Transitive",
        "resolved": "10.0.3",
        "contentHash": "TV62UsrJZPX6gbt3c4WrtXh7bmaDIcMqf9uft1cc4L6gJXOU07hDGEh+bFQh/L2Az0R1WVOkiT66lFqS6G2NmA=="
      },
      "Microsoft.Bcl.HashCode": {
        "type": "Transitive",
        "resolved": "1.1.0",
        "contentHash": "J2G1k+u5unBV+aYcwxo94ip16Rkp65pgWFb0R6zwJipzWNMgvqlWeuI7/+R+e8bob66LnSG+llLJ+z8wI94cHg=="
      },
      "Microsoft.Bcl.Memory": {
        "type": "Transitive",
        "resolved": "10.0.5",
        "contentHash": "odTrIyDJPgqCKEo6sOOfMzh0TaPufY/SLHrrMkqGlxGWVc5NQbZD5h1fxf/Q+PrGnhct5VWmmfKREA4h6JtTng=="
      },
      "Microsoft.DurableTask.Abstractions": {
        "type": "Transitive",
        "resolved": "1.24.1",
        "contentHash": "uKvL99PzCn8ASOFOikh7Ub1eENwYFM+afZmfTgTD9OI2XPdQsCoyZu/StrH4sGtPXUEXpBRpKUHsv6nQ2srTqQ==",
        "dependencies": {
          "Microsoft.Azure.DurableTask.Core": "3.8.0",
          "Microsoft.Bcl.AsyncInterfaces": "8.0.0"
        }
      },
      "Microsoft.DurableTask.Analyzers": {
        "type": "Transitive",
        "resolved": "0.2.0",
        "contentHash": "Dw3fkJA5ILseqBzIjApXou1p4f1BCTfMeTYOMzMPrAbqxWIzqxXU60qCeq2yqA+Yr4JC5azlMR/bOWrQVXJ4fg=="
      },
      "Microsoft.DurableTask.Client": {
        "type": "Transitive",
        "resolved": "1.24.1",
        "contentHash": "S+gtvAFTi6NMNhUgv1h96mQws1u6LA+d3G6pPZ16VXRR5BwAI4Y9gW7wK45eDregTxXfBwARIoRmMLfZrRsvJA==",
        "dependencies": {
          "Microsoft.DurableTask.Abstractions": "1.24.1"
        }
      },
      "Microsoft.DurableTask.Client.Grpc": {
        "type": "Transitive",
        "resolved": "1.24.1",
        "contentHash": "Bws165El79iB4ssyr7vk35qnBBLd60lJ/jVihE5e/85WiDxW6SXKXaJSRLHH1f8UxPv0mpDNH5aAbDzMMhymUA==",
        "dependencies": {
          "Microsoft.DurableTask.Client": "1.24.1",
          "Microsoft.DurableTask.Grpc": "1.24.1"
        }
      },
      "Microsoft.DurableTask.Grpc": {
        "type": "Transitive",
        "resolved": "1.24.1",
        "contentHash": "6YFVoooiAvDlLAlmqesIZQwIQ3Sb7K7o5uH8jpq2twTrbFHHOxZ0RTKQVqpa4lJCcuA7bcTJ+DXiezUsyQOG6A==",
        "dependencies": {
          "Google.Protobuf": "3.33.5",
          "Grpc.Net.Client": "2.76.0"
        }
      },
      "Microsoft.DurableTask.Worker": {
        "type": "Transitive",
        "resolved": "1.24.1",
        "contentHash": "6TvIWI6lHW0kKHdPONhg0TCE5vMOOdVs2PdCeeAlApjiheHHakIlrV1v+XYwFWHVU2CKg6d8hvVG68OWASVwuA==",
        "dependencies": {
          "Microsoft.DurableTask.Abstractions": "1.24.1"
        }
      },
      "Microsoft.DurableTask.Worker.Grpc": {
        "type": "Transitive",
        "resolved": "1.24.1",
        "contentHash": "m2efO53B+gGj+t2sHrLdS2BFnja4yGyE1t68T+imA7PdbE1BGbyIIxTZFEJXrCTTiXdlM9ILEHBw3Rna/iBCSg==",
        "dependencies": {
          "Google.Protobuf": "3.33.5",
          "Microsoft.DurableTask.Abstractions": "1.24.1",
          "Microsoft.DurableTask.Grpc": "1.24.1",
          "Microsoft.DurableTask.Worker": "1.24.1"
        }
      },
      "Microsoft.Identity.Client": {
        "type": "Transitive",
        "resolved": "4.83.1",
        "contentHash": "jOLIrZ3cynoqHLLO1cXplFFabrhrMEYs/EuKHvmCyrOm1axqiVFT6nCSnHxk7w5+d2BeQfCdM12Yf/0X7OeS1g==",
        "dependencies": {
          "Microsoft.IdentityModel.Abstractions": "8.14.0"
        }
      },
      "Microsoft.Identity.Client.Extensions.Msal": {
        "type": "Transitive",
        "resolved": "4.83.1",
        "contentHash": "I3k4J4Hj4KbLEFanjeUzzDOVecukETaTgEkJ7h2pP/Yazs6SLp6TVUTo/Eo+ptPXMwvc+iX7rBFtMSUrA7R+Mg==",
        "dependencies": {
          "Microsoft.Identity.Client": "4.83.1",
          "System.Security.Cryptography.ProtectedData": "4.5.0"
        }
      },
      "Microsoft.IdentityModel.Abstractions": {
        "type": "Transitive",
        "resolved": "8.14.0",
        "contentHash": "iwbCpSjD3ehfTwBhtSNEtKPK0ICun6ov7Ibx6ISNA9bfwIyzI2Siwyi9eJFCJBwxowK9xcA1mj+jBWiigeqgcQ=="
      },
      "Microsoft.Win32.SystemEvents": {
        "type": "Transitive",
        "resolved": "6.0.0",
        "contentHash": "hqTM5628jSsQiv+HGpiq3WKBl2c8v1KZfby2J6Pr7pEPlK9waPdgEO6b8A/+/xn/yZ9ulv8HuqK71ONy2tg67A=="
      },
      "Newtonsoft.Json": {
        "type": "Transitive",
        "resolved": "13.0.4",
        "contentHash": "pdgNNMai3zv51W5aq268sujXUyx7SNdE2bj1wZcWjAQrKMFZV260lbqYop1d2GM67JI1huLRwxo9ZqnfF/lC6A=="
      },
      "System.ClientModel": {
        "type": "Transitive",
        "resolved": "1.11.0",
        "contentHash": "1Wl32zh7TbvN+HAO8NqDuaN0Ao2Qu/0j0NJSrXGDtpUQsTXQYJ3C6hd9/Ds2IrgP4agMQYFoXB35GZfC21ByHw==",
        "dependencies": {
          "System.Memory.Data": "10.0.3"
        }
      },
      "System.Configuration.ConfigurationManager": {
        "type": "Transitive",
        "resolved": "6.0.0",
        "contentHash": "7T+m0kDSlIPTHIkPMIu6m6tV6qsMqJpvQWW2jIc2qi7sn40qxFo0q+7mEQAhMPXZHMKnWrnv47ntGlM/ejvw3g==",
        "dependencies": {
          "System.Security.Cryptography.ProtectedData": "6.0.0",
          "System.Security.Permissions": "6.0.0"
        }
      },
      "System.Drawing.Common": {
        "type": "Transitive",
        "resolved": "6.0.0",
        "contentHash": "NfuoKUiP2nUWwKZN6twGqXioIe1zVD0RIj2t976A+czLHr2nY454RwwXs6JU9Htc6mwqL6Dn/nEL3dpVf2jOhg==",
        "dependencies": {
          "Microsoft.Win32.SystemEvents": "6.0.0"
        }
      },
      "System.IO.Hashing": {
        "type": "Transitive",
        "resolved": "10.0.3",
        "contentHash": "La6ICwsdTKhVX+LKN+pvFjQRR3LhLwq3uKdi2knjLzRyPYBSydF4cjXidYxIiTcDD6XVYdsBWQEI8ZxiZ/OdIg=="
      },
      "System.Memory.Data": {
        "type": "Transitive",
        "resolved": "10.0.3",
        "contentHash": "MaGhRfGunmrj/nHjtsi9XkhlYJ/ERGWrbA+BiSKNtGnAjc9XlG5EhAvak6VRcX5LYzPF6pBO8nJ613dTgzabig=="
      },
      "System.Reactive": {
        "type": "Transitive",
        "resolved": "4.4.1",
        "contentHash": "iSTPeWR9HJhGoNV4WhVlvofuiTjpok1i4E3LPgMdbMqf3jKhFlT9HAlO32lb52NLppWC/4dZQFfUzTytvyXBmw=="
      },
      "System.Reactive.Compatibility": {
        "type": "Transitive",
        "resolved": "4.4.1",
        "contentHash": "Ad2/TBOBV0/45pzccpbQj2vo3S85uipF/PfqkbQUnH0vOtBqrXd1eqWtky5YTXq/WIRU1HF62HFSOdXiNC+E4A==",
        "dependencies": {
          "System.Reactive.Core": "4.4.1",
          "System.Reactive.Interfaces": "4.4.1",
          "System.Reactive.Linq": "4.4.1",
          "System.Reactive.PlatformServices": "4.4.1",
          "System.Reactive.Providers": "4.4.1"
        }
      },
      "System.Reactive.Core": {
        "type": "Transitive",
        "resolved": "4.4.1",
        "contentHash": "YQHJOt8hZvwFelIIfs19t8Jhz5P6NS1ZZccbVUuE1LFyoFZjaUecdYIYykgXzpyj5Rl40XC3xkyuuhHRaAln2w==",
        "dependencies": {
          "System.Reactive": "4.4.1"
        }
      },
      "System.Reactive.Interfaces": {
        "type": "Transitive",
        "resolved": "4.4.1",
        "contentHash": "Pk++rL2lxe6yhBEzgc9eJWR57YxYxtAmcz9U0JdKyHEzTLqba3B7MhhYrpN2ToTPVRyJJzxMdPdLieIJvlsACg==",
        "dependencies": {
          "System.Reactive": "4.4.1"
        }
      },
      "System.Reactive.Linq": {
        "type": "Transitive",
        "resolved": "4.4.1",
        "contentHash": "wyOVuUyHmPV667REPwcZjFjOlRLX6qSGVcXMye0qUqBAWFB3bu1RO1XLGWZTnf0d67DQHV69kw7tAtTh+4EYyQ==",
        "dependencies": {
          "System.Reactive": "4.4.1"
        }
      },
      "System.Reactive.PlatformServices": {
        "type": "Transitive",
        "resolved": "4.4.1",
        "contentHash": "jVF40bEwEES1DpDxI8pRcVEkH/TztFCOSToMYIK6TNE5QojsQljfvZd6jaDG4jRZ9hkoMYyUbkeSDYG/1ldPDg==",
        "dependencies": {
          "System.Reactive": "4.4.1"
        }
      },
      "System.Reactive.Providers": {
        "type": "Transitive",
        "resolved": "4.4.1",
        "contentHash": "K9RDgMHsuceX8QTk5ALCgYpexA9qcMsIi4K97Eigqcz9hD6fa4Smrjy8F/m6YdVJZFsBGaZ3uwj+d0loAdMfbA==",
        "dependencies": {
          "System.Reactive": "4.4.1"
        }
      },
      "System.Security.Cryptography.ProtectedData": {
        "type": "Transitive",
        "resolved": "6.0.0",
        "contentHash": "rp1gMNEZpvx9vP0JW0oHLxlf8oSiQgtno77Y4PLUBjSiDYoD77Y8uXHr1Ea5XG4/pIKhqAdxZ8v8OTUtqo9PeQ=="
      },
      "System.Security.Permissions": {
        "type": "Transitive",
        "resolved": "6.0.0",
        "contentHash": "T/uuc7AklkDoxmcJ7LGkyX1CcSviZuLCa4jg3PekfJ7SU0niF0IVTXwUiNVP9DSpzou2PpxJ+eNY2IfDM90ZCg==",
        "dependencies": {
          "System.Windows.Extensions": "6.0.0"
        }
      },
      "System.Windows.Extensions": {
        "type": "Transitive",
        "resolved": "6.0.0",
        "contentHash": "IXoJOXIqc39AIe+CIR7koBtRGMiCt/LPM3lI+PELtDIy9XdyeSrwXFdWV9dzJ2Awl0paLWUaknLxFQ5HpHZUog==",
        "dependencies": {
          "System.Drawing.Common": "6.0.0"
        }
      },
      "vyral.abstractions": {
        "type": "Project",
        "dependencies": {
          "Vyral.Primitives": "[0.2.0, )"
        }
      },
      "vyral.azure": {
        "type": "Project",
        "dependencies": {
          "Azure.Storage.Blobs": "[12.29.1, )",
          "Microsoft.Azure.Cosmos": "[3.62.1, )",
          "Newtonsoft.Json": "[13.0.4, )",
          "Vyral.Abstractions": "[0.3.0, )",
          "Vyral.Execution.AzureDurable": "[0.2.0, )"
        }
      },
      "vyral.execution": {
        "type": "Project",
        "dependencies": {
          "Vyral.Primitives": "[0.2.0, )"
        }
      },
      "vyral.execution.azuredurable": {
        "type": "Project",
        "dependencies": {
          "Vyral.Execution": "[0.2.0, )"
        }
      },
      "vyral.execution.azuredurable.functions": {
        "type": "Project",
        "dependencies": {
          "Microsoft.DurableTask.Client": "[1.24.1, )",
          "Vyral.Execution.AzureDurable": "[0.2.0, )"
        }
      },
      "vyral.primitives": {
        "type": "Project"
      }
    }
  }
}