{
  "version": 1,
  "dependencies": {
    "net10.0": {
      "AWSSDK.Core": {
        "type": "Transitive",
        "resolved": "4.0.101",
        "contentHash": "7Q0z0fLpy+w6h4G5z/qZ6PYGzZ0DgYjYkVdGMnhtjkgQaKX+Sjm0YxfFxFILRewxC4o6wwnrbvwaSj41LgRRfg=="
      },
      "AWSSDK.DynamoDBv2": {
        "type": "Transitive",
        "resolved": "4.0.103.1",
        "contentHash": "lWjDWid4uPdgi1b5dARsvvsFDUmgJf+uAnInD3yGSdNXZoEPd2nDZfVTKFxi9ny4BdlmV4znmVFf2uQoqPPIfg==",
        "dependencies": {
          "AWSSDK.Core": "[4.0.101, 5.0.0)"
        }
      },
      "AWSSDK.S3": {
        "type": "Transitive",
        "resolved": "4.0.102.1",
        "contentHash": "zGP3FW4D0wfbmYxoOWgNoPcwoA8E+kWH6KezOBPiLpAOi3l4cygFF15jiWdma6R7D+M9qu3DzdpWq/VlyIJX+Q==",
        "dependencies": {
          "AWSSDK.Core": "[4.0.101, 5.0.0)"
        }
      },
      "AWSSDK.Signin": {
        "type": "Transitive",
        "resolved": "4.0.101.5",
        "contentHash": "+XVnd+4efxEkdC74RTdHmxwJ2VhyPLT5TeGBoDTQ8LSQXYTfsN4Q2JWcS/ZAw151xjS5W89+i8FyvCM8Z7zGQg==",
        "dependencies": {
          "BouncyCastle.Cryptography": "2.6.2"
        }
      },
      "AWSSDK.SQS": {
        "type": "Transitive",
        "resolved": "4.0.100.8",
        "contentHash": "6WZzJc+1T6VJuFDorQmGbhLabJhkFIp2zTK9y6fbGprCqUCtnzF/FufmpjKcAJZ17xxDpxpgo/wQ0leZHHTQ8g==",
        "dependencies": {
          "AWSSDK.Core": "[4.0.101, 5.0.0)"
        }
      },
      "Azure.Core": {
        "type": "Transitive",
        "resolved": "1.55.0",
        "contentHash": "c7femvYS/xEUrLP1sNZN+DoQZmx3X+G3ZXtOOz0RL/7cGMCM3JVqepVmRd3AwM4IK8AtTGS4GOigCO+d/zaSsQ==",
        "dependencies": {
          "Microsoft.Bcl.AsyncInterfaces": "10.0.3",
          "Microsoft.Identity.Client": "4.83.1",
          "Microsoft.Identity.Client.Extensions.Msal": "4.83.1",
          "System.ClientModel": "1.11.0",
          "System.Memory.Data": "10.0.3"
        }
      },
      "Azure.Storage.Blobs": {
        "type": "Transitive",
        "resolved": "12.29.1",
        "contentHash": "pWh7xZBto8YcwiO853AB3uijTfVqs9PDte0Bu9/Zd8O9nwKiitWm0Jej1vsNkmYUzeG1552f8vJPjmtW30pBUQ==",
        "dependencies": {
          "Azure.Core": "1.55.0",
          "Azure.Storage.Common": "12.28.0"
        }
      },
      "Azure.Storage.Common": {
        "type": "Transitive",
        "resolved": "12.28.0",
        "contentHash": "5l8YhNrks38zKLGFW2BBFLwieyamH/xauABSASsdpZv79G0f+n2n22IjkRmUqCmALSupkwRHh2LOhbW3yj5Qgw==",
        "dependencies": {
          "Azure.Core": "1.55.0",
          "System.IO.Hashing": "10.0.3"
        }
      },
      "BouncyCastle.Cryptography": {
        "type": "Transitive",
        "resolved": "2.6.2",
        "contentHash": "7oWOcvnntmMKNzDLsdxAYqApt+AjpRpP2CShjMfIa3umZ42UQMvH0tl1qAliYPNYO6vTdcGMqnRrCPmsfzTI1w=="
      },
      "Google.Api.CommonProtos": {
        "type": "Transitive",
        "resolved": "2.17.0",
        "contentHash": "elfQPknFr495hm7vdy6ZlgyQh6yzZq9TU7sS35L/Fj/fqjM/mUGau9gVJLhvQEtUlPjtR80hpn/m9HvBMyCXIw==",
        "dependencies": {
          "Google.Protobuf": "[3.31.1, 4.0.0]"
        }
      },
      "Google.Api.Gax": {
        "type": "Transitive",
        "resolved": "4.13.1",
        "contentHash": "ujDpZk7O2VqAEIqcSlhH0FKzVpGZWly/qcNjHxpNUrL445Tei9PHnu4V1pwW2WDiMDvo3TpL1Bi4DeU525Afrg==",
        "dependencies": {
          "Microsoft.Bcl.AsyncInterfaces": "6.0.0",
          "Newtonsoft.Json": "13.0.4"
        }
      },
      "Google.Api.Gax.Grpc": {
        "type": "Transitive",
        "resolved": "4.13.1",
        "contentHash": "QgYF0bd8z6xWSVLGkGAMPB70seJSa9J02lFn8LT0Rb7PjSxZYpX+wU6LbVmghxDi6Wd64taulpX37pFq20J61g==",
        "dependencies": {
          "Google.Api.CommonProtos": "2.17.0",
          "Google.Api.Gax": "4.13.1",
          "Google.Apis.Auth": "1.73.0",
          "Grpc.Auth": "[2.71.0, 3.0.0)",
          "Grpc.Core.Api": "[2.71.0, 3.0.0)",
          "Grpc.Net.Client": "[2.71.0, 3.0.0)"
        }
      },
      "Google.Api.Gax.Rest": {
        "type": "Transitive",
        "resolved": "4.13.1",
        "contentHash": "wDfFZXKoHC6sy+Yfub/4cLQOb5ozBVPqDOrxCUAeTfku4d96ILqgzulJSdkPHbiT3oWB3hlYTdJgUwNSJjyo+A==",
        "dependencies": {
          "Google.Api.Gax": "4.13.1",
          "Google.Apis.Auth": "1.73.0"
        }
      },
      "Google.Apis": {
        "type": "Transitive",
        "resolved": "1.75.0",
        "contentHash": "ZqODi2IvyTBezeGztemXv6U/+VinyqxxPiyoW2CZbzIrUp+a35Rt5tzUjXHPXK9nA1YQi/w8ABpYQpBm31ditw==",
        "dependencies": {
          "Google.Apis.Core": "1.75.0"
        }
      },
      "Google.Apis.Auth": {
        "type": "Transitive",
        "resolved": "1.75.0",
        "contentHash": "hzuGwUBIQYdFkChXm62E5Suxe+q5PHt2uE5EunGBco2j01uQJGlUgzNujZvGHMlAIEHaytzhdn3v3v52ZPgv2Q==",
        "dependencies": {
          "Google.Apis": "1.75.0",
          "Google.Apis.Core": "1.75.0",
          "System.Management": "7.0.2"
        }
      },
      "Google.Apis.Core": {
        "type": "Transitive",
        "resolved": "1.75.0",
        "contentHash": "7AuI44XP4LzMFiOjdk4GCtCxJTIWZcjrXLeGjLYYSpTHHbiPkvm76XNym7zPOnD90sIg+zdTulg+I6D5W5spTQ==",
        "dependencies": {
          "Newtonsoft.Json": "13.0.4"
        }
      },
      "Google.Apis.Storage.v1": {
        "type": "Transitive",
        "resolved": "1.74.0.4115",
        "contentHash": "9J3YPPSG53xwQLzdQ304dI+DMtVxJDpEazA2QQ2LA8IJoM4VUu4DpIxyhTGxpnAK4Db7s4LwzeNi6NkPKM3HzQ==",
        "dependencies": {
          "Google.Apis": "1.74.0",
          "Google.Apis.Auth": "1.74.0"
        }
      },
      "Google.Cloud.Firestore": {
        "type": "Transitive",
        "resolved": "4.4.0",
        "contentHash": "A2gzk6VcPtew5mEiOlngNgqzdy3LEPyak8TQa8kvYNRu8x0bADFIbFNOT1s9DHdpplyI7FFW2WZjfXt3Olg9ww==",
        "dependencies": {
          "Google.Cloud.Firestore.V1": "4.4.0",
          "Microsoft.Bcl.AsyncInterfaces": "10.0.10"
        }
      },
      "Google.Cloud.Firestore.V1": {
        "type": "Transitive",
        "resolved": "4.4.0",
        "contentHash": "ZQpldY8YA5piE+d8tMbJWfLkMD5oTbJ9Mr4MWTtQP2ePg91UrqVEQ8f7BI/xYiporiJNamC9JsljgIVcuiZ0yw==",
        "dependencies": {
          "Google.Api.Gax.Grpc": "[4.13.1, 5.0.0)",
          "Google.Cloud.Location": "[2.4.0, 3.0.0)",
          "Google.LongRunning": "[3.5.0, 4.0.0)"
        }
      },
      "Google.Cloud.Iam.V1": {
        "type": "Transitive",
        "resolved": "3.5.0",
        "contentHash": "CTLBAQ7WxsLoA4lovpvhF4MRUJH64smrIjuD/0jDrLs6zpbpf+f8Ur8ekRKv67kwlpN6Ug0q7EuT2csWDEczlQ==",
        "dependencies": {
          "Google.Api.Gax.Grpc": "[4.12.1, 5.0.0)"
        }
      },
      "Google.Cloud.Location": {
        "type": "Transitive",
        "resolved": "2.4.0",
        "contentHash": "ZFChsp6OYVPBAzpoEWFMf/W9lfOgPj5BY+75/VjGV6EoirhA3YNlSKta3fX2MPaWH6RqJ9ZtNJT4vmdxhxbkbQ==",
        "dependencies": {
          "Google.Api.Gax.Grpc": "[4.12.1, 5.0.0)"
        }
      },
      "Google.Cloud.Storage.V1": {
        "type": "Transitive",
        "resolved": "4.15.0",
        "contentHash": "TVlJsaIkMDwHbZPCcLFFKduFcFD0yJL1jsZmV/V/FMjv5iok/eoC0oy8/VHjxfmWmNGkJLPLMAe5MrFLtY7hzg==",
        "dependencies": {
          "Google.Api.Gax.Rest": "[4.13.1, 5.0.0)",
          "Google.Apis.Storage.v1": "[1.74.0.4115, 2.0.0)"
        }
      },
      "Google.Cloud.Tasks.V2": {
        "type": "Transitive",
        "resolved": "3.6.0",
        "contentHash": "EMmvqMDkivYjd+gVSoc4UgT8AsYdUZ2aDLoy7EjSNIySGuAefD79hNvD0kQ/LkaiMEn/+a4Lg90vikoPyR3nYw==",
        "dependencies": {
          "Google.Api.Gax.Grpc": "[4.12.1, 5.0.0)",
          "Google.Cloud.Iam.V1": "[3.5.0, 4.0.0)",
          "Google.Cloud.Location": "[2.4.0, 3.0.0)"
        }
      },
      "Google.LongRunning": {
        "type": "Transitive",
        "resolved": "3.5.0",
        "contentHash": "W8xO6FA+rG8WjKOsyIjTKjeKLcyCrjBBYeEdZ4QBkKQcxmRczbrfKhKQmdorb2V35CqXeeTbue5Na6Zkgyv8ow==",
        "dependencies": {
          "Google.Api.Gax.Grpc": "[4.12.1, 5.0.0)"
        }
      },
      "Google.Protobuf": {
        "type": "Transitive",
        "resolved": "3.31.1",
        "contentHash": "gSnJbUmGiOTdWddPhqzrEscHq9Ls6sqRDPB9WptckyjTUyx70JOOAaDLkFff8gManZNN3hllQ4aQInnQyq/Z/A=="
      },
      "Grpc.Auth": {
        "type": "Transitive",
        "resolved": "2.71.0",
        "contentHash": "t2aGh/pMgqmc3GimtYfC7VcgVY/VSbk6SLH+61wewsgK45tzxxD9nYYItT5bpLn7fbebirmHXfgJcVKIArd0cg==",
        "dependencies": {
          "Google.Apis.Auth": "1.69.0",
          "Grpc.Core.Api": "2.71.0"
        }
      },
      "Grpc.Core.Api": {
        "type": "Transitive",
        "resolved": "2.71.0",
        "contentHash": "QquqUC37yxsDzd1QaDRsH2+uuznWPTS8CVE2Yzwl3CvU4geTNkolQXoVN812M2IwT6zpv3jsZRc9ExJFNFslTg=="
      },
      "Grpc.Net.Client": {
        "type": "Transitive",
        "resolved": "2.71.0",
        "contentHash": "U1vr20r5ngoT9nlb7wejF28EKN+taMhJsV9XtK9MkiepTZwnKxxiarriiMfCHuDAfPUm9XUjFMn/RIuJ4YY61w==",
        "dependencies": {
          "Grpc.Net.Common": "2.71.0"
        }
      },
      "Grpc.Net.Common": {
        "type": "Transitive",
        "resolved": "2.71.0",
        "contentHash": "v0c8R97TwRYwNXlC8GyRXwYTCNufpDfUtj9la+wUrZFzVWkFJuNAltU+c0yI3zu0jl54k7en6u2WKgZgd57r2Q==",
        "dependencies": {
          "Grpc.Core.Api": "2.71.0"
        }
      },
      "Microsoft.Azure.Cosmos": {
        "type": "Transitive",
        "resolved": "3.62.1",
        "contentHash": "1jNOGwdtwHjk40zfxPv3dhwpqX7Ilex1PUuCPYDEMBAa3Y7HZS5GxoXbzGR+uxVJc4XKwFH9ZWkSLgswCgXlYQ==",
        "dependencies": {
          "Azure.Core": "1.44.1",
          "Microsoft.Bcl.AsyncInterfaces": "6.0.0",
          "Microsoft.Bcl.HashCode": "1.1.0",
          "System.Configuration.ConfigurationManager": "6.0.0"
        }
      },
      "Microsoft.Bcl.AsyncInterfaces": {
        "type": "Transitive",
        "resolved": "10.0.10",
        "contentHash": "TFI6OKYE1XZz4SGuTSH70c6SBdPpFktXsoa1gCxTr3mKrhmXirnvaS0tKz+J3ZWICEAmMpEGn59nO4ICtUpQXA=="
      },
      "Microsoft.Bcl.HashCode": {
        "type": "Transitive",
        "resolved": "1.1.0",
        "contentHash": "J2G1k+u5unBV+aYcwxo94ip16Rkp65pgWFb0R6zwJipzWNMgvqlWeuI7/+R+e8bob66LnSG+llLJ+z8wI94cHg=="
      },
      "Microsoft.Data.Sqlite": {
        "type": "Transitive",
        "resolved": "10.0.11",
        "contentHash": "7je7UELzm131GiLYc4PpZvfKXIgIyzPM+v+tjcd/nbnuWRfgcONYKzDTqJlURxwVCFsVnlpmq6y6yn4qvR8QXQ==",
        "dependencies": {
          "Microsoft.Data.Sqlite.Core": "10.0.11",
          "SQLitePCLRaw.bundle_e_sqlite3": "2.1.12",
          "SQLitePCLRaw.core": "2.1.12"
        }
      },
      "Microsoft.Data.Sqlite.Core": {
        "type": "Transitive",
        "resolved": "10.0.11",
        "contentHash": "hubA20AGenQ4Sx0ElWaPpB8DISjXpdx463+1zOGRslsT0e/t/06ITv+pHsop8CcJ0d8PZLfgnT7juCDVD79Dkw==",
        "dependencies": {
          "SQLitePCLRaw.core": "2.1.12"
        }
      },
      "Microsoft.Extensions.AI.Abstractions": {
        "type": "Transitive",
        "resolved": "10.8.3",
        "contentHash": "K0B05oApxmviWalNHPMBBcRC7erKiDATz3ENNR/jqTR9JwIwLRefgDhj2jCRwL1aca99pXUe0qyQC73/xIuZig=="
      },
      "Microsoft.Identity.Client": {
        "type": "Transitive",
        "resolved": "4.83.1",
        "contentHash": "jOLIrZ3cynoqHLLO1cXplFFabrhrMEYs/EuKHvmCyrOm1axqiVFT6nCSnHxk7w5+d2BeQfCdM12Yf/0X7OeS1g==",
        "dependencies": {
          "Microsoft.IdentityModel.Abstractions": "8.14.0"
        }
      },
      "Microsoft.Identity.Client.Extensions.Msal": {
        "type": "Transitive",
        "resolved": "4.83.1",
        "contentHash": "I3k4J4Hj4KbLEFanjeUzzDOVecukETaTgEkJ7h2pP/Yazs6SLp6TVUTo/Eo+ptPXMwvc+iX7rBFtMSUrA7R+Mg==",
        "dependencies": {
          "Microsoft.Identity.Client": "4.83.1",
          "System.Security.Cryptography.ProtectedData": "4.5.0"
        }
      },
      "Microsoft.IdentityModel.Abstractions": {
        "type": "Transitive",
        "resolved": "8.14.0",
        "contentHash": "iwbCpSjD3ehfTwBhtSNEtKPK0ICun6ov7Ibx6ISNA9bfwIyzI2Siwyi9eJFCJBwxowK9xcA1mj+jBWiigeqgcQ=="
      },
      "Microsoft.ML.OnnxRuntime": {
        "type": "Transitive",
        "resolved": "1.29.0",
        "contentHash": "bUO3Ryc42UVkDGByBIYU9/ogRURGHeMOEq96LMWnDBVMQGZpIahBhPRCeu+Qq6+EJh/dfxzFJBKZa0/+yMmpWQ==",
        "dependencies": {
          "Microsoft.ML.OnnxRuntime.Managed": "1.29.0"
        }
      },
      "Microsoft.ML.OnnxRuntime.Managed": {
        "type": "Transitive",
        "resolved": "1.29.0",
        "contentHash": "jLy5PtzvRQCBFOczzfRY7zpuMVUyLwjO0Jsdd8MBZdmnPIqx5vW9cYDNyCqkrYpwkof8GlqBVaEUMWrMWRtvuw==",
        "dependencies": {
          "System.Numerics.Tensors": "9.0.0"
        }
      },
      "Microsoft.Win32.SystemEvents": {
        "type": "Transitive",
        "resolved": "6.0.0",
        "contentHash": "hqTM5628jSsQiv+HGpiq3WKBl2c8v1KZfby2J6Pr7pEPlK9waPdgEO6b8A/+/xn/yZ9ulv8HuqK71ONy2tg67A=="
      },
      "ModelContextProtocol": {
        "type": "Transitive",
        "resolved": "2.2.0",
        "contentHash": "4Pb9u02Nwsp0poueDsqNdyGRojFxOYpljB7zDBsq+aHL+Afou3OgxlBc3GWFVnsRMRJrUtWqDh3s6k2JgPzmrQ==",
        "dependencies": {
          "ModelContextProtocol.Core": "[2.2.0]"
        }
      },
      "ModelContextProtocol.AspNetCore": {
        "type": "Transitive",
        "resolved": "2.2.0",
        "contentHash": "3JelDMuFIwFzXybsh6K30G6wXu5gmqKnuRnieqgBMuR0FkqqXRv4B+NYZuPgthSyNq5UwRyvv2U2VJBE3RD3PQ==",
        "dependencies": {
          "ModelContextProtocol": "[2.2.0]"
        }
      },
      "ModelContextProtocol.Core": {
        "type": "Transitive",
        "resolved": "2.2.0",
        "contentHash": "FeBfXU6T8k+jw4afg4sfxdEX2rL/e5oKOk9ROOGztu9k47+7Bz08sdaToYt2XvMY1opNbwxYQOFMj6wH9TInhA==",
        "dependencies": {
          "Microsoft.Extensions.AI.Abstractions": "10.8.3"
        }
      },
      "ModelContextProtocol.Extensions.Tasks": {
        "type": "Transitive",
        "resolved": "2.2.0",
        "contentHash": "cIGGEIL/KVbPBxflSF6TRKmjNTGk668e8x/R+Jx9l8VPHH70BisCmjdtHdkDHbbBr9gGMbjBjJdiNMJecweCGw==",
        "dependencies": {
          "ModelContextProtocol": "[2.2.0]"
        }
      },
      "MySqlConnector": {
        "type": "Transitive",
        "resolved": "2.6.2",
        "contentHash": "dlTc/tsBa42szdvpj4nrHvQVUb0gsMwR9HT6J0Zz2OSqfP0CdYlGw+qQPqCpbnO97idfvclSjKYtM6y5QaBQaQ=="
      },
      "Newtonsoft.Json": {
        "type": "Transitive",
        "resolved": "13.0.4",
        "contentHash": "pdgNNMai3zv51W5aq268sujXUyx7SNdE2bj1wZcWjAQrKMFZV260lbqYop1d2GM67JI1huLRwxo9ZqnfF/lC6A=="
      },
      "Npgsql": {
        "type": "Transitive",
        "resolved": "10.0.3",
        "contentHash": "7nb5YzXuvWWJxB0J8DiyL3we+X4FOctZrt0fIBnucOIaIevFEEwGQVZKtiu9olXdlNAK1eNgqSral6r/jlhI4w=="
      },
      "Pgvector": {
        "type": "Transitive",
        "resolved": "0.3.2",
        "contentHash": "n7M5LuNejHUmtWky3zCbNO+tP1Gnjiuv9Qtu4LyvB1602dD8RiBxxCQp9jEjM0ZFDxAZF1oOWkNIkXw46KT00Q==",
        "dependencies": {
          "Npgsql": "8.0.5"
        }
      },
      "SQLite": {
        "type": "Transitive",
        "resolved": "3.53.4",
        "contentHash": "KN7jeWqgUPeBRe1FlcpZURzxomuKKEKHmBBQfg+Nx7NkY1LjKhzHvH+3ASkNvhayESE34nMBinL9CV21JfPRJw=="
      },
      "SQLitePCLRaw.bundle_e_sqlite3": {
        "type": "Transitive",
        "resolved": "3.0.5",
        "contentHash": "SW8iASIyWMrLzqabUHYQRvALhvD4ylSBsj4PgEVGwc36kQjc9xT5kSV/XQ9rU7nIpBWD+LPyX3Hlw5FzyUzGeQ==",
        "dependencies": {
          "SQLite": "3.53.4",
          "SQLitePCLRaw.config.e_sqlite3": "3.0.5"
        }
      },
      "SQLitePCLRaw.config.e_sqlite3": {
        "type": "Transitive",
        "resolved": "3.0.5",
        "contentHash": "aSk8WE5tF2MybESMgtZAEyMVCAWA0nBqOMc48HFoa9UoSdtm3goDXVzNRnefeKIwE6bV9NaNXptn1F9ReMQI0Q==",
        "dependencies": {
          "SQLitePCLRaw.provider.e_sqlite3": "3.0.5"
        }
      },
      "SQLitePCLRaw.core": {
        "type": "Transitive",
        "resolved": "3.0.5",
        "contentHash": "k81AYXXRCw3Zj8rOhyBoCsx/U97KYDFI2CSKr/ijl5BwpsW/hX/4kBiDmerFaoust8nxBwa0IHQFw8MmSHRtnQ=="
      },
      "SQLitePCLRaw.provider.e_sqlite3": {
        "type": "Transitive",
        "resolved": "3.0.5",
        "contentHash": "um8YSWduhhuskTG2bHfZrBqMNQOydfU8pcseT+cu5RivOGyoUbCrGXxgoRNTmRYw2VbMWnEZVVFcneZT/5dsBg==",
        "dependencies": {
          "SQLitePCLRaw.core": "3.0.5"
        }
      },
      "System.ClientModel": {
        "type": "Transitive",
        "resolved": "1.11.0",
        "contentHash": "1Wl32zh7TbvN+HAO8NqDuaN0Ao2Qu/0j0NJSrXGDtpUQsTXQYJ3C6hd9/Ds2IrgP4agMQYFoXB35GZfC21ByHw==",
        "dependencies": {
          "System.Memory.Data": "10.0.3"
        }
      },
      "System.CodeDom": {
        "type": "Transitive",
        "resolved": "7.0.0",
        "contentHash": "GLltyqEsE5/3IE+zYRP5sNa1l44qKl9v+bfdMcwg+M9qnQf47wK3H0SUR/T+3N4JEQXF3vV4CSuuo0rsg+nq2A=="
      },
      "System.Configuration.ConfigurationManager": {
        "type": "Transitive",
        "resolved": "6.0.0",
        "contentHash": "7T+m0kDSlIPTHIkPMIu6m6tV6qsMqJpvQWW2jIc2qi7sn40qxFo0q+7mEQAhMPXZHMKnWrnv47ntGlM/ejvw3g==",
        "dependencies": {
          "System.Security.Cryptography.ProtectedData": "6.0.0",
          "System.Security.Permissions": "6.0.0"
        }
      },
      "System.Drawing.Common": {
        "type": "Transitive",
        "resolved": "6.0.0",
        "contentHash": "NfuoKUiP2nUWwKZN6twGqXioIe1zVD0RIj2t976A+czLHr2nY454RwwXs6JU9Htc6mwqL6Dn/nEL3dpVf2jOhg==",
        "dependencies": {
          "Microsoft.Win32.SystemEvents": "6.0.0"
        }
      },
      "System.IO.Hashing": {
        "type": "Transitive",
        "resolved": "10.0.3",
        "contentHash": "La6ICwsdTKhVX+LKN+pvFjQRR3LhLwq3uKdi2knjLzRyPYBSydF4cjXidYxIiTcDD6XVYdsBWQEI8ZxiZ/OdIg=="
      },
      "System.Management": {
        "type": "Transitive",
        "resolved": "7.0.2",
        "contentHash": "/qEUN91mP/MUQmJnM5y5BdT7ZoPuVrtxnFlbJ8a3kBJGhe2wCzBfnPFtK2wTtEEcf3DMGR9J00GZZfg6HRI6yA==",
        "dependencies": {
          "System.CodeDom": "7.0.0"
        }
      },
      "System.Memory.Data": {
        "type": "Transitive",
        "resolved": "10.0.3",
        "contentHash": "MaGhRfGunmrj/nHjtsi9XkhlYJ/ERGWrbA+BiSKNtGnAjc9XlG5EhAvak6VRcX5LYzPF6pBO8nJ613dTgzabig=="
      },
      "System.Numerics.Tensors": {
        "type": "Transitive",
        "resolved": "10.0.11",
        "contentHash": "4jNNt67NhCqf3bf2FN0mrsC+EH60L7Sny6poqVeiviB27Kw7TQzMmgn8HIaPc8E9EcuGusUyfeu21gLfzcBpDA=="
      },
      "System.Security.Cryptography.ProtectedData": {
        "type": "Transitive",
        "resolved": "6.0.0",
        "contentHash": "rp1gMNEZpvx9vP0JW0oHLxlf8oSiQgtno77Y4PLUBjSiDYoD77Y8uXHr1Ea5XG4/pIKhqAdxZ8v8OTUtqo9PeQ=="
      },
      "System.Security.Permissions": {
        "type": "Transitive",
        "resolved": "6.0.0",
        "contentHash": "T/uuc7AklkDoxmcJ7LGkyX1CcSviZuLCa4jg3PekfJ7SU0niF0IVTXwUiNVP9DSpzou2PpxJ+eNY2IfDM90ZCg==",
        "dependencies": {
          "System.Windows.Extensions": "6.0.0"
        }
      },
      "System.Windows.Extensions": {
        "type": "Transitive",
        "resolved": "6.0.0",
        "contentHash": "IXoJOXIqc39AIe+CIR7koBtRGMiCt/LPM3lI+PELtDIy9XdyeSrwXFdWV9dzJ2Awl0paLWUaknLxFQ5HpHZUog==",
        "dependencies": {
          "System.Drawing.Common": "6.0.0"
        }
      },
      "vyral.abstractions": {
        "type": "Project",
        "dependencies": {
          "Vyral.Primitives": "[0.2.0, )"
        }
      },
      "vyral.aws": {
        "type": "Project",
        "dependencies": {
          "AWSSDK.DynamoDBv2": "[4.0.103.1, )",
          "AWSSDK.S3": "[4.0.102.1, )",
          "AWSSDK.Signin": "[4.0.101.5, )",
          "System.Numerics.Tensors": "[10.0.11, )",
          "Vyral.Abstractions": "[0.3.0, )"
        }
      },
      "vyral.azure": {
        "type": "Project",
        "dependencies": {
          "Azure.Storage.Blobs": "[12.29.1, )",
          "Microsoft.Azure.Cosmos": "[3.62.1, )",
          "Newtonsoft.Json": "[13.0.4, )",
          "Vyral.Abstractions": "[0.3.0, )",
          "Vyral.Execution.AzureDurable": "[0.2.0, )"
        }
      },
      "vyral.cloudflare": {
        "type": "Project",
        "dependencies": {
          "AWSSDK.S3": "[4.0.102.1, )",
          "Vyral.Abstractions": "[0.3.0, )",
          "Vyral.Aws": "[0.3.0, )"
        }
      },
      "vyral.embeddings.onnx": {
        "type": "Project",
        "dependencies": {
          "Microsoft.ML.OnnxRuntime": "[1.29.0, )",
          "System.Numerics.Tensors": "[10.0.11, )",
          "Vyral.Abstractions": "[0.3.0, )"
        }
      },
      "vyral.execution": {
        "type": "Project",
        "dependencies": {
          "Vyral.Primitives": "[0.2.0, )"
        }
      },
      "vyral.execution.aws": {
        "type": "Project",
        "dependencies": {
          "AWSSDK.DynamoDBv2": "[4.0.103.1, )",
          "AWSSDK.SQS": "[4.0.100.8, )",
          "Vyral.Abstractions": "[0.3.0, )",
          "Vyral.Execution": "[0.2.0, )"
        }
      },
      "vyral.execution.azuredurable": {
        "type": "Project",
        "dependencies": {
          "Vyral.Execution": "[0.2.0, )"
        }
      },
      "vyral.execution.local": {
        "type": "Project",
        "dependencies": {
          "Microsoft.Data.Sqlite": "[10.0.11, )",
          "SQLitePCLRaw.bundle_e_sqlite3": "[3.0.5, )",
          "Vyral.Execution": "[0.2.0, )",
          "Vyral.Primitives": "[0.2.0, )"
        }
      },
      "vyral.execution.workerclient": {
        "type": "Project",
        "dependencies": {
          "Vyral.Execution": "[0.2.0, )"
        }
      },
      "vyral.google": {
        "type": "Project",
        "dependencies": {
          "Google.Apis.Auth": "[1.75.0, )",
          "Google.Apis.Core": "[1.75.0, )",
          "Google.Cloud.Firestore": "[4.4.0, )",
          "Google.Cloud.Storage.V1": "[4.15.0, )",
          "Google.Cloud.Tasks.V2": "[3.6.0, )",
          "Npgsql": "[10.0.3, )",
          "Vyral.Abstractions": "[0.3.0, )",
          "Vyral.Execution": "[0.2.0, )",
          "Vyral.Pgvector": "[0.3.0, )"
        }
      },
      "vyral.local": {
        "type": "Project",
        "dependencies": {
          "Microsoft.Data.Sqlite": "[10.0.11, )",
          "SQLitePCLRaw.bundle_e_sqlite3": "[3.0.5, )",
          "SQLitePCLRaw.core": "[3.0.5, )",
          "System.Numerics.Tensors": "[10.0.11, )",
          "Vyral.Abstractions": "[0.3.0, )"
        }
      },
      "vyral.mcp": {
        "type": "Project",
        "dependencies": {
          "ModelContextProtocol.AspNetCore": "[2.2.0, )",
          "ModelContextProtocol.Extensions.Tasks": "[2.2.0, )",
          "Vyral.Abstractions": "[0.3.0, )",
          "Vyral.Execution": "[0.2.0, )",
          "Vyral.Primitives": "[0.2.0, )",
          "Vyral.Providers.Abstractions": "[0.3.0, )"
        }
      },
      "vyral.mysql": {
        "type": "Project",
        "dependencies": {
          "MySqlConnector": "[2.6.2, )",
          "Vyral.Abstractions": "[0.3.0, )"
        }
      },
      "vyral.pgvector": {
        "type": "Project",
        "dependencies": {
          "Npgsql": "[10.0.3, )",
          "Pgvector": "[0.3.2, )",
          "Vyral.Abstractions": "[0.3.0, )"
        }
      },
      "vyral.primitives": {
        "type": "Project"
      },
      "vyral.providers.abstractions": {
        "type": "Project",
        "dependencies": {
          "Vyral.Primitives": "[0.2.0, )"
        }
      },
      "vyral.providers.cli": {
        "type": "Project",
        "dependencies": {
          "Vyral.Providers.Abstractions": "[0.3.0, )"
        }
      },
      "vyral.providers.jules": {
        "type": "Project",
        "dependencies": {
          "Vyral.Providers.Abstractions": "[0.3.0, )"
        }
      },
      "vyral.providers.local": {
        "type": "Project",
        "dependencies": {
          "Vyral.Providers.Abstractions": "[0.3.0, )"
        }
      },
      "vyral.providers.onnx": {
        "type": "Project",
        "dependencies": {
          "Vyral.Embeddings.Onnx": "[0.3.0, )",
          "Vyral.Providers.Abstractions": "[0.3.0, )"
        }
      },
      "vyral.server": {
        "type": "Project",
        "dependencies": {
          "AWSSDK.DynamoDBv2": "[4.0.103.1, )",
          "AWSSDK.SQS": "[4.0.100.8, )",
          "Google.Apis.Auth": "[1.75.0, )",
          "Vyral.Abstractions": "[0.3.0, )",
          "Vyral.Azure": "[0.3.0, )",
          "Vyral.Cloudflare": "[0.3.0, )",
          "Vyral.Embeddings.Onnx": "[0.3.0, )",
          "Vyral.Execution": "[0.2.0, )",
          "Vyral.Execution.Aws": "[0.2.0, )",
          "Vyral.Execution.Local": "[0.2.0, )",
          "Vyral.Google": "[0.3.0, )",
          "Vyral.Local": "[0.3.0, )",
          "Vyral.Mcp": "[0.3.0, )",
          "Vyral.MySql": "[0.3.0, )",
          "Vyral.Pgvector": "[0.3.0, )",
          "Vyral.Providers.Abstractions": "[0.3.0, )",
          "Vyral.Providers.Cli": "[0.3.0, )",
          "Vyral.Providers.Jules": "[0.3.0, )",
          "Vyral.Providers.Local": "[0.3.0, )",
          "Vyral.Providers.Onnx": "[0.3.0, )"
        }
      }
    }
  }
}