# This file is autogenerated by pip-compile with Python 3.12 using:
#
#   pip-compile --generate-hashes --strip-extras \
#     --output-file=runtimes/python/requirements-server.lock \
#     runtimes/python/requirements-server.in
#
# It is the reproducible, hash-verified deployment profile for the published
# Python REST/MCP host. Update its input and regenerate it for a new release.
click==8.4.2 \
    --hash=sha256:9a6cea6e60b17ebe0a44c5cc636d94f09bd66142c1cd7d8b4cd731c4917a15f6 \
    --hash=sha256:e6f9f66136c816745b9d65817da91d61d957fb16e02e4dcd0552553c5a197b76
    # via uvicorn
h11==0.16.0 \
    --hash=sha256:4e35b956cf45792e4caa5885e69fba00bdbc6ffafbfa020300e549b208ee5ff1 \
    --hash=sha256:63cf8bbe7522de3bf65932fda1d9c2772064ffb3dae62d55932da54b31cb6c86
    # via uvicorn
uvicorn==0.52.3 \
    --hash=sha256:116af2710dbf47c80f463cd20ee4884b6662f4c9f227d797ddc7279d2fcc2c7c \
    --hash=sha256:18857b9e6579300be55c91c0a1cfd37d9a2cf0cabea33b88275f199eb73b8b58
    # via vyral
vyral==0.1.1 \
    --hash=sha256:f18adc5b9ea9057e0bbf293749383b0e2ac08d786d794c75c6e1ad414b528d67 \
    --hash=sha256:f28b0c9b2bdc533821ce4e8f6369965fa07b6817bead0942bcc008fb2295dc8a
    # via -r runtimes/python/requirements-server.in
