# The dependency portion is generated by pip-compile with Python 3.12 using:
#
#   pip-compile --generate-hashes --strip-extras \
#     --output-file=runtimes/python/requirements-server.lock \
#     runtimes/python/requirements-server.in
#
# It is the reproducible, hash-verified deployment profile for the published
# Python REST/MCP host. The vyral wheel and source hashes come from the pinned
# Hatchling build with SOURCE_DATE_EPOCH=315532800 used by the publisher.
click==8.4.2 \
    --hash=sha256:9a6cea6e60b17ebe0a44c5cc636d94f09bd66142c1cd7d8b4cd731c4917a15f6 \
    --hash=sha256:e6f9f66136c816745b9d65817da91d61d957fb16e02e4dcd0552553c5a197b76
    # via uvicorn
h11==0.16.0 \
    --hash=sha256:4e35b956cf45792e4caa5885e69fba00bdbc6ffafbfa020300e549b208ee5ff1 \
    --hash=sha256:63cf8bbe7522de3bf65932fda1d9c2772064ffb3dae62d55932da54b31cb6c86
    # via uvicorn
uvicorn==0.52.3 \
    --hash=sha256:116af2710dbf47c80f463cd20ee4884b6662f4c9f227d797ddc7279d2fcc2c7c \
    --hash=sha256:18857b9e6579300be55c91c0a1cfd37d9a2cf0cabea33b88275f199eb73b8b58
    # via vyral
vyral==0.1.2 \
    --hash=sha256:bf1355f5e8733783825c084d5050defbec550c9f8ca00f47d17b66be1b6803fd \
    --hash=sha256:d9333d748f55cbd2e28a30cfdef7f3d32af54b9d28ab4b504c4f58a89456b6b7
    # via -r runtimes/python/requirements-server.in
