{
  "version": 1,
  "dependencies": {
    "net10.0": {
      "Microsoft.ML.OnnxRuntime": {
        "type": "Transitive",
        "resolved": "1.29.0",
        "contentHash": "bUO3Ryc42UVkDGByBIYU9/ogRURGHeMOEq96LMWnDBVMQGZpIahBhPRCeu+Qq6+EJh/dfxzFJBKZa0/+yMmpWQ==",
        "dependencies": {
          "Microsoft.ML.OnnxRuntime.Managed": "1.29.0"
        }
      },
      "Microsoft.ML.OnnxRuntime.Managed": {
        "type": "Transitive",
        "resolved": "1.29.0",
        "contentHash": "jLy5PtzvRQCBFOczzfRY7zpuMVUyLwjO0Jsdd8MBZdmnPIqx5vW9cYDNyCqkrYpwkof8GlqBVaEUMWrMWRtvuw==",
        "dependencies": {
          "System.Numerics.Tensors": "9.0.0"
        }
      },
      "System.Numerics.Tensors": {
        "type": "Transitive",
        "resolved": "10.0.11",
        "contentHash": "4jNNt67NhCqf3bf2FN0mrsC+EH60L7Sny6poqVeiviB27Kw7TQzMmgn8HIaPc8E9EcuGusUyfeu21gLfzcBpDA=="
      },
      "vyral.abstractions": {
        "type": "Project",
        "dependencies": {
          "Vyral.Primitives": "[0.2.0, )"
        }
      },
      "vyral.embeddings.onnx": {
        "type": "Project",
        "dependencies": {
          "Microsoft.ML.OnnxRuntime": "[1.29.0, )",
          "System.Numerics.Tensors": "[10.0.11, )",
          "Vyral.Abstractions": "[0.3.1, )"
        }
      },
      "vyral.primitives": {
        "type": "Project"
      }
    }
  }
}