{
  "version": 1,
  "dependencies": {
    "net10.0": {
      "Microsoft.DurableTask.Client": {
        "type": "Direct",
        "requested": "[1.24.1, )",
        "resolved": "1.24.1",
        "contentHash": "S+gtvAFTi6NMNhUgv1h96mQws1u6LA+d3G6pPZ16VXRR5BwAI4Y9gW7wK45eDregTxXfBwARIoRmMLfZrRsvJA==",
        "dependencies": {
          "Microsoft.DurableTask.Abstractions": "1.24.1",
          "Microsoft.Extensions.Options": "8.0.2"
        }
      },
      "Castle.Core": {
        "type": "Transitive",
        "resolved": "5.2.1",
        "contentHash": "wHARzQA695jwwKreOzNsq54KiGqKP38tv8hi8e2FXDEC/sA6BtrX90tVPDkOfVu13PbEzr00TCV8coikl+D1Iw==",
        "dependencies": {
          "System.Diagnostics.EventLog": "6.0.0"
        }
      },
      "Microsoft.Azure.DurableTask.Core": {
        "type": "Transitive",
        "resolved": "3.8.0",
        "contentHash": "59lnjA0e/X8yqwYGlHvzdmhU0+cB0SuNh0cMq/xgH0PRMP+XEwLZQQVKgHAzCmdsVgwzYg64KwqE1SJRRMkp0w==",
        "dependencies": {
          "Castle.Core": "5.2.1",
          "Microsoft.Extensions.Logging.Abstractions": "6.0.1",
          "Newtonsoft.Json": "13.0.1",
          "System.Reactive.Compatibility": "4.4.1",
          "System.Reactive.Core": "4.4.1"
        }
      },
      "Microsoft.Bcl.AsyncInterfaces": {
        "type": "Transitive",
        "resolved": "8.0.0",
        "contentHash": "3WA9q9yVqJp222P3x1wYIGDAkpjAku0TMUaaQV22g6L67AI0LdOIrVS7Ht2vJfLHGSPVuqN94vIr15qn+HEkHw=="
      },
      "Microsoft.DurableTask.Abstractions": {
        "type": "Transitive",
        "resolved": "1.24.1",
        "contentHash": "uKvL99PzCn8ASOFOikh7Ub1eENwYFM+afZmfTgTD9OI2XPdQsCoyZu/StrH4sGtPXUEXpBRpKUHsv6nQ2srTqQ==",
        "dependencies": {
          "Microsoft.Azure.DurableTask.Core": "3.8.0",
          "Microsoft.Bcl.AsyncInterfaces": "8.0.0",
          "Microsoft.Extensions.DependencyInjection.Abstractions": "8.0.2",
          "Microsoft.Extensions.Logging.Abstractions": "8.0.3"
        }
      },
      "Microsoft.Extensions.DependencyInjection.Abstractions": {
        "type": "Transitive",
        "resolved": "8.0.2",
        "contentHash": "3iE7UF7MQkCv1cxzCahz+Y/guQbTqieyxyaWKhrRO91itI9cOKO76OHeQDahqG4MmW5umr3CcCvGmK92lWNlbg=="
      },
      "Microsoft.Extensions.Logging.Abstractions": {
        "type": "Transitive",
        "resolved": "8.0.3",
        "contentHash": "dL0QGToTxggRLMYY4ZYX5AMwBb+byQBd/5dMiZE07Nv73o6I5Are3C7eQTh7K2+A4ct0PVISSr7TZANbiNb2yQ==",
        "dependencies": {
          "Microsoft.Extensions.DependencyInjection.Abstractions": "8.0.2"
        }
      },
      "Microsoft.Extensions.Options": {
        "type": "Transitive",
        "resolved": "8.0.2",
        "contentHash": "dWGKvhFybsaZpGmzkGCbNNwBD1rVlWzrZKANLW/CcbFJpCEceMCGzT7zZwHOGBCbwM0SzBuceMj5HN1LKV1QqA==",
        "dependencies": {
          "Microsoft.Extensions.DependencyInjection.Abstractions": "8.0.0",
          "Microsoft.Extensions.Primitives": "8.0.0"
        }
      },
      "Microsoft.Extensions.Primitives": {
        "type": "Transitive",
        "resolved": "8.0.0",
        "contentHash": "bXJEZrW9ny8vjMF1JV253WeLhpEVzFo1lyaZu1vQ4ZxWUlVvknZ/+ftFgVheLubb4eZPSwwxBeqS1JkCOjxd8g=="
      },
      "Newtonsoft.Json": {
        "type": "Transitive",
        "resolved": "13.0.1",
        "contentHash": "ppPFpBcvxdsfUonNcvITKqLl3bqxWbDCZIzDWHzjpdAHRFfZe0Dw9HmA0+za13IdyrgJwpkDTDA9fHaxOrt20A=="
      },
      "System.Diagnostics.EventLog": {
        "type": "Transitive",
        "resolved": "6.0.0",
        "contentHash": "lcyUiXTsETK2ALsZrX+nWuHSIQeazhqPphLfaRxzdGaG93+0kELqpgEHtwWOlQe7+jSFnKwaCAgL4kjeZCQJnw=="
      },
      "System.Reactive": {
        "type": "Transitive",
        "resolved": "4.4.1",
        "contentHash": "iSTPeWR9HJhGoNV4WhVlvofuiTjpok1i4E3LPgMdbMqf3jKhFlT9HAlO32lb52NLppWC/4dZQFfUzTytvyXBmw=="
      },
      "System.Reactive.Compatibility": {
        "type": "Transitive",
        "resolved": "4.4.1",
        "contentHash": "Ad2/TBOBV0/45pzccpbQj2vo3S85uipF/PfqkbQUnH0vOtBqrXd1eqWtky5YTXq/WIRU1HF62HFSOdXiNC+E4A==",
        "dependencies": {
          "System.Reactive.Core": "4.4.1",
          "System.Reactive.Interfaces": "4.4.1",
          "System.Reactive.Linq": "4.4.1",
          "System.Reactive.PlatformServices": "4.4.1",
          "System.Reactive.Providers": "4.4.1"
        }
      },
      "System.Reactive.Core": {
        "type": "Transitive",
        "resolved": "4.4.1",
        "contentHash": "YQHJOt8hZvwFelIIfs19t8Jhz5P6NS1ZZccbVUuE1LFyoFZjaUecdYIYykgXzpyj5Rl40XC3xkyuuhHRaAln2w==",
        "dependencies": {
          "System.Reactive": "4.4.1"
        }
      },
      "System.Reactive.Interfaces": {
        "type": "Transitive",
        "resolved": "4.4.1",
        "contentHash": "Pk++rL2lxe6yhBEzgc9eJWR57YxYxtAmcz9U0JdKyHEzTLqba3B7MhhYrpN2ToTPVRyJJzxMdPdLieIJvlsACg==",
        "dependencies": {
          "System.Reactive": "4.4.1"
        }
      },
      "System.Reactive.Linq": {
        "type": "Transitive",
        "resolved": "4.4.1",
        "contentHash": "wyOVuUyHmPV667REPwcZjFjOlRLX6qSGVcXMye0qUqBAWFB3bu1RO1XLGWZTnf0d67DQHV69kw7tAtTh+4EYyQ==",
        "dependencies": {
          "System.Reactive": "4.4.1"
        }
      },
      "System.Reactive.PlatformServices": {
        "type": "Transitive",
        "resolved": "4.4.1",
        "contentHash": "jVF40bEwEES1DpDxI8pRcVEkH/TztFCOSToMYIK6TNE5QojsQljfvZd6jaDG4jRZ9hkoMYyUbkeSDYG/1ldPDg==",
        "dependencies": {
          "System.Reactive": "4.4.1"
        }
      },
      "System.Reactive.Providers": {
        "type": "Transitive",
        "resolved": "4.4.1",
        "contentHash": "K9RDgMHsuceX8QTk5ALCgYpexA9qcMsIi4K97Eigqcz9hD6fa4Smrjy8F/m6YdVJZFsBGaZ3uwj+d0loAdMfbA==",
        "dependencies": {
          "System.Reactive": "4.4.1"
        }
      },
      "vyral.execution": {
        "type": "Project",
        "dependencies": {
          "Vyral.Primitives": "[0.2.0, )"
        }
      },
      "vyral.execution.azuredurable": {
        "type": "Project",
        "dependencies": {
          "Vyral.Execution": "[0.2.0, )"
        }
      },
      "vyral.primitives": {
        "type": "Project"
      }
    }
  }
}