{
  "version": 1,
  "dependencies": {
    "net10.0": {
      "AWSSDK.DynamoDBv2": {
        "type": "Direct",
        "requested": "[4.0.103.1, )",
        "resolved": "4.0.103.1",
        "contentHash": "lWjDWid4uPdgi1b5dARsvvsFDUmgJf+uAnInD3yGSdNXZoEPd2nDZfVTKFxi9ny4BdlmV4znmVFf2uQoqPPIfg==",
        "dependencies": {
          "AWSSDK.Core": "[4.0.101, 5.0.0)"
        }
      },
      "AWSSDK.SQS": {
        "type": "Direct",
        "requested": "[4.0.100.8, )",
        "resolved": "4.0.100.8",
        "contentHash": "6WZzJc+1T6VJuFDorQmGbhLabJhkFIp2zTK9y6fbGprCqUCtnzF/FufmpjKcAJZ17xxDpxpgo/wQ0leZHHTQ8g==",
        "dependencies": {
          "AWSSDK.Core": "[4.0.101, 5.0.0)"
        }
      },
      "AWSSDK.Core": {
        "type": "Transitive",
        "resolved": "4.0.101",
        "contentHash": "7Q0z0fLpy+w6h4G5z/qZ6PYGzZ0DgYjYkVdGMnhtjkgQaKX+Sjm0YxfFxFILRewxC4o6wwnrbvwaSj41LgRRfg=="
      },
      "vyral.abstractions": {
        "type": "Project",
        "dependencies": {
          "Vyral.Primitives": "[0.2.0, )"
        }
      },
      "vyral.execution": {
        "type": "Project",
        "dependencies": {
          "Vyral.Primitives": "[0.2.0, )"
        }
      },
      "vyral.primitives": {
        "type": "Project"
      }
    }
  }
}